<?xml version="1.0" encoding="utf-8"?>
<Project ToolsVersion="4.0" xmlns="http://schemas.microsoft.com/developer/msbuild/2003">
  <ItemGroup>
    <Filter Include="Source Files">
      <UniqueIdentifier>{4FC737F1-C7A5-4376-A066-2A32D752A2FF}</UniqueIdentifier>
      <Extensions>cpp;c;cc;cxx;c++;def;odl;idl;hpj;bat;asm;asmx</Extensions>
    </Filter>
    <Filter Include="Header Files">
      <UniqueIdentifier>{93995380-89BD-4b04-88EB-625FBE52EBFB}</UniqueIdentifier>
      <Extensions>h;hh;hpp;hxx;h++;hm;inl;inc;ipp;xsd</Extensions>
    </Filter>
    <Filter Include="Resource Files">
      <UniqueIdentifier>{67DA6AB6-F800-4c08-8B7A-83BB121AAD01}</UniqueIdentifier>
      <Extensions>rc;ico;cur;bmp;dlg;rc2;rct;bin;rgs;gif;jpg;jpeg;jpe;resx;tiff;tif;png;wav;mfcribbon-ms</Extensions>
    </Filter>
    <Filter Include="Header Files\System">
      <UniqueIdentifier>{98319023-af0d-4fda-82ca-881a5cb960ed}</UniqueIdentifier>
    </Filter>
    <Filter Include="Source Files\System">
      <UniqueIdentifier>{c98079f8-b7af-404e-9e54-1df4d65cd656}</UniqueIdentifier>
    </Filter>
  </ItemGroup>
  <ItemGroup>
    <ClCompile Include="..\include\Storm-SimulatorPCH.cpp">
      <Filter>Source Files</Filter>
    </ClCompile>
    <ClCompile Include="..\include\SimulatorManager.cpp">
      <Filter>Source Files</Filter>
    </ClCompile>
    <ClCompile Include="..\include\ParticleSystem.cpp">
      <Filter>Source Files\System</Filter>
    </ClCompile>
    <ClCompile Include="..\include\FluidParticleSystem.cpp">
      <Filter>Source Files\System</Filter>
    </ClCompile>
    <ClCompile Include="..\include\RigidBodyParticleSystem.cpp">
      <Filter>Source Files\System</Filter>
    </ClCompile>
  </ItemGroup>
  <ItemGroup>
    <ClInclude Include="..\include\Storm-SimulatorPCH.h">
      <Filter>Header Files</Filter>
    </ClInclude>
    <ClInclude Include="..\include\SimulatorManager.h">
      <Filter>Header Files</Filter>
    </ClInclude>
    <ClInclude Include="..\include\ParticleSystem.h">
      <Filter>Header Files\System</Filter>
    </ClInclude>
    <ClInclude Include="..\include\FluidParticleSystem.h">
      <Filter>Header Files\System</Filter>
    </ClInclude>
    <ClInclude Include="..\include\RigidBodyParticleSystem.h">
      <Filter>Header Files\System</Filter>
    </ClInclude>
  </ItemGroup>
</Project>