<?xml version="1.0" encoding="utf-8"?>
<Project ToolsVersion="4.0" xmlns="http://schemas.microsoft.com/developer/msbuild/2003">
  <ItemGroup>
    <Filter Include="Source Files">
      <UniqueIdentifier>{4FC737F1-C7A5-4376-A066-2A32D752A2FF}</UniqueIdentifier>
      <Extensions>cpp;c;cc;cxx;c++;def;odl;idl;hpj;bat;asm;asmx</Extensions>
    </Filter>
    <Filter Include="Header Files">
      <UniqueIdentifier>{93995380-89BD-4b04-88EB-625FBE52EBFB}</UniqueIdentifier>
      <Extensions>h;hh;hpp;hxx;h++;hm;inl;inc;ipp;xsd</Extensions>
    </Filter>
    <Filter Include="Resource Files">
      <UniqueIdentifier>{67DA6AB6-F800-4c08-8B7A-83BB121AAD01}</UniqueIdentifier>
      <Extensions>rc;ico;cur;bmp;dlg;rc2;rct;bin;rgs;gif;jpg;jpeg;jpe;resx;tiff;tif;png;wav;mfcribbon-ms</Extensions>
    </Filter>
    <Filter Include="Header Files\Assimp">
      <UniqueIdentifier>{843728b9-1df6-40de-a67c-eb25c5f246e1}</UniqueIdentifier>
    </Filter>
    <Filter Include="Source Files\Assimp">
      <UniqueIdentifier>{63a97c23-e365-4b2e-bfdd-27653e65e4d7}</UniqueIdentifier>
    </Filter>
    <Filter Include="Source Files\General">
      <UniqueIdentifier>{e4a90a80-b3f9-4604-819b-9084612dcae2}</UniqueIdentifier>
    </Filter>
    <Filter Include="Header Files\General">
      <UniqueIdentifier>{f06cc711-59aa-4da3-a405-4c1bc2f4b30d}</UniqueIdentifier>
    </Filter>
    <Filter Include="Source Files\General\AssetCacheData">
      <UniqueIdentifier>{862b67ca-058b-4f46-8f8f-5213b9937e80}</UniqueIdentifier>
    </Filter>
    <Filter Include="Header Files\General\AssetCacheData">
      <UniqueIdentifier>{c85a0d0e-c3c8-4969-8689-b877fe068f73}</UniqueIdentifier>
    </Filter>
  </ItemGroup>
  <ItemGroup>
    <ClCompile Include="..\include\Storm-LoaderPCH.cpp">
      <Filter>Source Files</Filter>
    </ClCompile>
    <ClCompile Include="..\include\AssimpLoggingWrapper.cpp">
      <Filter>Source Files\Assimp</Filter>
    </ClCompile>
    <ClCompile Include="..\include\AssetLoaderManager.cpp">
      <Filter>Source Files\General</Filter>
    </ClCompile>
    <ClCompile Include="..\include\RigidBody.cpp">
      <Filter>Source Files\General</Filter>
    </ClCompile>
    <ClCompile Include="..\include\PoissonDiskSampler.cpp">
      <Filter>Source Files\General</Filter>
    </ClCompile>
    <ClCompile Include="..\include\BasicMeshGenerator.cpp">
      <Filter>Source Files\General</Filter>
    </ClCompile>
    <ClCompile Include="..\include\BlowerMeshMaker.cpp">
      <Filter>Source Files\General</Filter>
    </ClCompile>
    <ClCompile Include="..\include\AssetCacheData.cpp">
      <Filter>Source Files\General\AssetCacheData</Filter>
    </ClCompile>
    <ClCompile Include="..\include\AssetCacheDataOrder.cpp">
      <Filter>Source Files\General\AssetCacheData</Filter>
    </ClCompile>
  </ItemGroup>
  <ItemGroup>
    <ClInclude Include="..\include\Storm-LoaderPCH.h">
      <Filter>Header Files</Filter>
    </ClInclude>
    <ClInclude Include="..\include\AssimpLoggingWrapper.h">
      <Filter>Header Files\Assimp</Filter>
    </ClInclude>
    <ClInclude Include="..\include\AssetLoaderManager.h">
      <Filter>Header Files\General</Filter>
    </ClInclude>
    <ClInclude Include="..\include\RigidBody.h">
      <Filter>Header Files\General</Filter>
    </ClInclude>
    <ClInclude Include="..\include\PoissonDiskSampler.h">
      <Filter>Header Files\General</Filter>
    </ClInclude>
    <ClInclude Include="..\include\BasicMeshGenerator.h">
      <Filter>Header Files\General</Filter>
    </ClInclude>
    <ClInclude Include="..\include\BlowerMeshMaker.h">
      <Filter>Header Files\General</Filter>
    </ClInclude>
    <ClInclude Include="..\include\AssetCacheData.h">
      <Filter>Header Files\General\AssetCacheData</Filter>
    </ClInclude>
    <ClInclude Include="..\include\AssetCacheDataOrder.h">
      <Filter>Header Files\General\AssetCacheData</Filter>
    </ClInclude>
  </ItemGroup>
</Project>