
Microsoft Visual Studio Solution File, Format Version 12.00
# Visual Studio Version 17
VisualStudioVersion = 17.1.32421.90
MinimumVisualStudioVersion = 10.0.40219.1
Project("{8BC9CEB8-8B4A-11D0-8D11-00A0C91BC942}") = "Storm", "Source\Storm\script\Storm.vcxproj", "{867025DB-4673-449F-886A-519879864D68}"
EndProject
Project("{8BC9CEB8-8B4A-11D0-8D11-00A0C91BC942}") = "Storm-Helper", "Source\Storm-Helper\script\Storm-Helper.vcxproj", "{30709355-D527-4FAA-9C02-1F64129968E5}"
EndProject
Project("{8BC9CEB8-8B4A-11D0-8D11-00A0C91BC942}") = "Storm-ModelBase", "Source\Storm-ModelBase\script\Storm-ModelBase.vcxproj", "{BB52FD96-F795-463D-8AD1-392B37344A7D}"
EndProject
Project("{2150E333-8FDC-42A3-9474-1A3956D46DE8}") = "Automation", "Automation", "{D7BAD75A-E0E9-4F26-B1A8-0E3A35B1D3C1}"
	ProjectSection(SolutionItems) = preProject
		Source\Automation\StormAutomation-Base\catch2.runsettings = Source\Automation\StormAutomation-Base\catch2.runsettings
	EndProjectSection
EndProject
Project("{2150E333-8FDC-42A3-9474-1A3956D46DE8}") = "Simulation", "Simulation", "{5F8ED569-4527-41D2-B165-276BDE4FA18E}"
EndProject
Project("{8BC9CEB8-8B4A-11D0-8D11-00A0C91BC942}") = "Storm-Config", "Source\Storm-Config\script\Storm-Config.vcxproj", "{8004DF4F-E94E-4C58-8C6B-1042A461ED62}"
EndProject
Project("{8BC9CEB8-8B4A-11D0-8D11-00A0C91BC942}") = "Storm-Graphics", "Source\Storm-Graphics\script\Storm-Graphics.vcxproj", "{CC6DFC68-E28A-4C11-A168-FBE234335BC7}"
EndProject
Project("{8BC9CEB8-8B4A-11D0-8D11-00A0C91BC942}") = "Storm-Logger", "Source\Storm-Logger\script\Storm-Logger.vcxproj", "{DA5BA977-37D5-4BD2-8269-E536B626DECB}"
EndProject
Project("{8BC9CEB8-8B4A-11D0-8D11-00A0C91BC942}") = "Storm-Physics", "Source\Storm-Physics\script\Storm-Physics.vcxproj", "{BC32BD4C-DB35-4923-8B99-0219BF111EAE}"
EndProject
Project("{2150E333-8FDC-42A3-9474-1A3956D46DE8}") = "Modules", "Modules", "{71FDD4FA-5CB7-4461-A3FD-A8818CF6C865}"
EndProject
Project("{8BC9CEB8-8B4A-11D0-8D11-00A0C91BC942}") = "Storm-Input", "Source\Storm-Input\script\Storm-Input.vcxproj", "{56149530-76D6-4940-A777-D7EFED353723}"
EndProject
Project("{8BC9CEB8-8B4A-11D0-8D11-00A0C91BC942}") = "Storm-Windows", "Source\Storm-Windows\script\Storm-Windows.vcxproj", "{0CA7DF04-32A0-4200-9D32-4CB257E47D98}"
EndProject
Project("{8BC9CEB8-8B4A-11D0-8D11-00A0C91BC942}") = "Storm-Misc", "Source\Storm-Misc\script\Storm-Misc.vcxproj", "{18A35B78-109A-4ABA-8658-AD746046A610}"
EndProject
Project("{8BC9CEB8-8B4A-11D0-8D11-00A0C91BC942}") = "Storm-Simulator", "Source\Storm-Simulator\script\Storm-Simulator.vcxproj", "{C115891C-7BDB-4A4C-B19C-24E39536A051}"
EndProject
Project("{2150E333-8FDC-42A3-9474-1A3956D46DE8}") = "Shaders", "Shaders", "{1C8BF644-7554-4E5E-96B0-D36429EA84F2}"
	ProjectSection(SolutionItems) = preProject
		Source\Shaders\AreaDraw.hlsl = Source\Shaders\AreaDraw.hlsl
		Source\Shaders\ConstraintsDraw.hlsl = Source\Shaders\ConstraintsDraw.hlsl
		Source\Shaders\CoordinateSystem.hlsl = Source\Shaders\CoordinateSystem.hlsl
		Source\Shaders\GravityArrow.hlsl = Source\Shaders\GravityArrow.hlsl
		Source\Shaders\Grid.hlsl = Source\Shaders\Grid.hlsl
		Source\Shaders\MeshDraw.hlsl = Source\Shaders\MeshDraw.hlsl
		Source\Shaders\ParticleDraw.hlsl = Source\Shaders\ParticleDraw.hlsl
		Source\Shaders\ParticleForceDraw.hlsl = Source\Shaders\ParticleForceDraw.hlsl
	EndProjectSection
EndProject
Project("{8BC9CEB8-8B4A-11D0-8D11-00A0C91BC942}") = "Storm-Loader", "Source\Storm-Loader\script\Storm-Loader.vcxproj", "{F6BC64C2-F8CA-4BA9-84DA-69A4B78CCD09}"
EndProject
Project("{2150E333-8FDC-42A3-9474-1A3956D46DE8}") = "UnitTester", "UnitTester", "{9ACB8D28-162B-4B97-A55B-3360CBF1F8BC}"
EndProject
Project("{8BC9CEB8-8B4A-11D0-8D11-00A0C91BC942}") = "StormAutomation-Base", "Source\Automation\StormAutomation-Base\script\StormAutomation-Base.vcxproj", "{34740247-39FB-45D9-B11D-A7650D128B52}"
EndProject
Project("{8BC9CEB8-8B4A-11D0-8D11-00A0C91BC942}") = "StormAutomation-HelperTester", "Source\Automation\StormAutomation-HelperTester\script\StormAutomation-HelperTester.vcxproj", "{FDDA96C7-1A39-4709-919A-EFDB3CF7A126}"
EndProject
Project("{8BC9CEB8-8B4A-11D0-8D11-00A0C91BC942}") = "Storm-Space", "Source\Storm-Space\script\Storm-Space.vcxproj", "{BF9A69C6-F71F-4838-9EC9-1B63717EDDAC}"
EndProject
Project("{8BC9CEB8-8B4A-11D0-8D11-00A0C91BC942}") = "StormAutomation-ModelBaseTester", "Source\Automation\StormAutomation-ModelBaseTester\script\StormAutomation-ModelBaseTester.vcxproj", "{58D7C87A-DCB4-42DC-8575-4F416154F226}"
EndProject
Project("{8BC9CEB8-8B4A-11D0-8D11-00A0C91BC942}") = "Storm-Profiler", "Source\Storm-Profiler\script\Storm-Profiler.vcxproj", "{66664E96-F4E4-4C82-9B7B-A6E8CCD92069}"
EndProject
Project("{2150E333-8FDC-42A3-9474-1A3956D46DE8}") = "Repo", "Repo", "{F3761E77-B57B-4CCF-AF7F-C97830641E49}"
	ProjectSection(SolutionItems) = preProject
		Doc\Known issues.txt = Doc\Known issues.txt
		README.md = README.md
	EndProjectSection
EndProject
Project("{2150E333-8FDC-42A3-9474-1A3956D46DE8}") = "Tools", "Tools", "{F79A0D9C-2055-4FD3-89F6-A901CD582DBD}"
EndProject
Project("{FAE04EC0-301F-11D3-BF4B-00C04F79EFBC}") = "Storm-LogViewer", "Source\Storm-LogViewer\Storm-LogViewer.csproj", "{5B489712-203D-4E22-817C-89244DCF9434}"
EndProject
Project("{8BC9CEB8-8B4A-11D0-8D11-00A0C91BC942}") = "Storm-Packager", "Source\Storm-Packager\script\Storm-Packager.vcxproj", "{83D868D9-6524-4208-9714-1949A878BC86}"
EndProject
Project("{8BC9CEB8-8B4A-11D0-8D11-00A0C91BC942}") = "Storm-Serializer", "Source\Storm-Serializer\script\Storm-Serializer.vcxproj", "{02EAF0AA-DEFF-4C09-80A7-70A413568897}"
EndProject
Project("{2150E333-8FDC-42A3-9474-1A3956D46DE8}") = "Executable", "Executable", "{D56D6E97-088C-4FA6-9F12-D4B3B1BCDCA2}"
EndProject
Project("{2150E333-8FDC-42A3-9474-1A3956D46DE8}") = "Shared", "Shared", "{F98F7CDA-1DB8-439B-9673-B8C23D38E1F7}"
EndProject
Project("{8BC9CEB8-8B4A-11D0-8D11-00A0C91BC942}") = "Storm-Script", "Source\Storm-Script\script\Storm-Script.vcxproj", "{028BF684-49A8-44C0-861B-ADD005FA7D40}"
EndProject
Project("{2150E333-8FDC-42A3-9474-1A3956D46DE8}") = "Config", "Config", "{6F826875-D03B-4CA8-90B4-C83DECE63800}"
EndProject
Project("{2150E333-8FDC-42A3-9474-1A3956D46DE8}") = "Template", "Template", "{016E636E-C35D-49AD-8501-5C52B310B0E8}"
EndProject
Project("{2150E333-8FDC-42A3-9474-1A3956D46DE8}") = "General", "General", "{6F0D8944-AFB3-4306-BCFE-00CBADDBB2F1}"
	ProjectSection(SolutionItems) = preProject
		Config\Template\General\Global.xml = Config\Template\General\Global.xml
		Config\Template\General\Macro.xml = Config\Template\General\Macro.xml
	EndProjectSection
EndProject
Project("{2150E333-8FDC-42A3-9474-1A3956D46DE8}") = "Scenes", "Scenes", "{1C2891EB-43B4-4E2C-8517-59E80A43C3B7}"
	ProjectSection(SolutionItems) = preProject
		Config\Template\Scenes\BallsUnderBlowers WCSPH.xml = Config\Template\Scenes\BallsUnderBlowers WCSPH.xml
		Config\Template\Scenes\Scene.xml = Config\Template\Scenes\Scene.xml
		Config\Template\Scenes\WaterBreakingDam WCSPH.xml = Config\Template\Scenes\WaterBreakingDam WCSPH.xml
	EndProjectSection
EndProject
Project("{2150E333-8FDC-42A3-9474-1A3956D46DE8}") = "Packaging", "Packaging", "{C7CAFCCE-4275-4471-AD07-90DCE12EE6BC}"
	ProjectSection(SolutionItems) = preProject
		Config\Packaging\Packaging.xml = Config\Packaging\Packaging.xml
	EndProjectSection
EndProject
Project("{8BC9CEB8-8B4A-11D0-8D11-00A0C91BC942}") = "Storm-Network", "Source\Storm-Network\script\Storm-Network.vcxproj", "{4BBDF672-34C4-4F52-9985-4140CFEC9BE8}"
EndProject
Project("{8BC9CEB8-8B4A-11D0-8D11-00A0C91BC942}") = "Storm-Restarter", "Source\Storm-Restarter\script\Storm-Restarter.vcxproj", "{ABD75873-B8E9-4F0D-A2B7-275BEDB9E1BD}"
EndProject
Project("{2150E333-8FDC-42A3-9474-1A3956D46DE8}") = "Generated", "Generated", "{5DD13C94-1505-449D-910F-ADCEA00A349D}"
	ProjectSection(SolutionItems) = preProject
		Source\Generated\GitBranch.generated.h = Source\Generated\GitBranch.generated.h
	EndProjectSection
EndProject
Project("{2150E333-8FDC-42A3-9474-1A3956D46DE8}") = "Internal", "Internal", "{8F1E067C-9A98-4744-BB3B-9BD14A550D8B}"
	ProjectSection(SolutionItems) = preProject
		Config\Internal\InternalConfig.xml = Config\Internal\InternalConfig.xml
	EndProjectSection
EndProject
Project("{2150E333-8FDC-42A3-9474-1A3956D46DE8}") = "POC", "POC", "{7410768D-6BA0-4898-B2E0-0AE483393E88}"
EndProject
Project("{8BC9CEB8-8B4A-11D0-8D11-00A0C91BC942}") = "StormPOC-ViscosityFormula", "Source\POC\StormPOC-ViscosityFormula\script\StormPOC-ViscosityFormula.vcxproj", "{CF8D7CD2-56CF-4E65-AA42-17B3E6D6D758}"
EndProject
Project("{8BC9CEB8-8B4A-11D0-8D11-00A0C91BC942}") = "Storm-Animation", "Source\Storm-Animation\script\Storm-Animation.vcxproj", "{268B5631-F9C8-4D62-99FC-1A4A63A0A601}"
EndProject
Project("{D954291E-2A0B-460D-934E-DC6B0785DB48}") = "Storm-CsCppShared", "Source\Storm-CsCppShared\script\Storm-CsCppShared.shproj", "{30AE641C-FDD2-49B8-ABD0-19EA070978D3}"
EndProject
Project("{FAE04EC0-301F-11D3-BF4B-00C04F79EFBC}") = "Storm-ScriptSender", "Source\Storm-ScriptSender\Storm-ScriptSender.csproj", "{A1DC8DD9-AEBE-49C5-9530-CA4EBA5681CF}"
EndProject
Project("{D954291E-2A0B-460D-934E-DC6B0785DB48}") = "Storm-CsHelper", "Source\Storm-CsHelper\Storm-CsHelper.shproj", "{F19CC26F-2518-4126-A199-423A268A3191}"
EndProject
Project("{8BC9CEB8-8B4A-11D0-8D11-00A0C91BC942}") = "Storm-MaterialAvailability", "Source\Storm-MaterialAvailability\script\Storm-MaterialAvailability.vcxproj", "{59673C98-FC2D-4393-8B1C-C08B694CDE22}"
EndProject
Project("{2150E333-8FDC-42A3-9474-1A3956D46DE8}") = "Solution Items", "Solution Items", "{D0DCBCB4-071F-4C19-8427-241471F9751D}"
	ProjectSection(SolutionItems) = preProject
		.editorconfig = .editorconfig
	EndProjectSection
EndProject
Project("{8BC9CEB8-8B4A-11D0-8D11-00A0C91BC942}") = "Storm-Safety", "Source\Storm-Safety\script\Storm-Safety.vcxproj", "{683B9632-A1B4-411C-9E3B-716D3573F4F0}"
EndProject
Global
	GlobalSection(SharedMSBuildProjectFiles) = preSolution
		Source\Storm-CsCppShared\script\Storm-CsCppShared.projitems*{30ae641c-fdd2-49b8-abd0-19ea070978d3}*SharedItemsImports = 13
		Source\Storm-CsCppShared\script\Storm-CsCppShared.projitems*{5b489712-203d-4e22-817c-89244dcf9434}*SharedItemsImports = 4
		Source\Storm-CsHelper\Storm-CsHelper.projitems*{5b489712-203d-4e22-817c-89244dcf9434}*SharedItemsImports = 4
		Source\Storm-CsCppShared\script\Storm-CsCppShared.projitems*{a1dc8dd9-aebe-49c5-9530-ca4eba5681cf}*SharedItemsImports = 4
		Source\Storm-CsHelper\Storm-CsHelper.projitems*{a1dc8dd9-aebe-49c5-9530-ca4eba5681cf}*SharedItemsImports = 4
		Source\Storm-CsHelper\Storm-CsHelper.projitems*{f19cc26f-2518-4126-a199-423a268a3191}*SharedItemsImports = 13
	EndGlobalSection
	GlobalSection(SolutionConfigurationPlatforms) = preSolution
		Debug|Any CPU = Debug|Any CPU
		Debug|x64 = Debug|x64
		Profile|Any CPU = Profile|Any CPU
		Profile|x64 = Profile|x64
		Release|Any CPU = Release|Any CPU
		Release|x64 = Release|x64
		ReleaseNoPackager|Any CPU = ReleaseNoPackager|Any CPU
		ReleaseNoPackager|x64 = ReleaseNoPackager|x64
	EndGlobalSection
	GlobalSection(ProjectConfigurationPlatforms) = postSolution
		{867025DB-4673-449F-886A-519879864D68}.Debug|Any CPU.ActiveCfg = Debug|x64
		{867025DB-4673-449F-886A-519879864D68}.Debug|x64.ActiveCfg = Debug|x64
		{867025DB-4673-449F-886A-519879864D68}.Debug|x64.Build.0 = Debug|x64
		{867025DB-4673-449F-886A-519879864D68}.Profile|Any CPU.ActiveCfg = Profile|x64
		{867025DB-4673-449F-886A-519879864D68}.Profile|x64.ActiveCfg = Profile|x64
		{867025DB-4673-449F-886A-519879864D68}.Profile|x64.Build.0 = Profile|x64
		{867025DB-4673-449F-886A-519879864D68}.Release|Any CPU.ActiveCfg = Release|x64
		{867025DB-4673-449F-886A-519879864D68}.Release|x64.ActiveCfg = Release|x64
		{867025DB-4673-449F-886A-519879864D68}.Release|x64.Build.0 = Release|x64
		{867025DB-4673-449F-886A-519879864D68}.ReleaseNoPackager|Any CPU.ActiveCfg = Release|x64
		{867025DB-4673-449F-886A-519879864D68}.ReleaseNoPackager|Any CPU.Build.0 = Release|x64
		{867025DB-4673-449F-886A-519879864D68}.ReleaseNoPackager|x64.ActiveCfg = Release|x64
		{867025DB-4673-449F-886A-519879864D68}.ReleaseNoPackager|x64.Build.0 = Release|x64
		{30709355-D527-4FAA-9C02-1F64129968E5}.Debug|Any CPU.ActiveCfg = Debug|x64
		{30709355-D527-4FAA-9C02-1F64129968E5}.Debug|x64.ActiveCfg = Debug|x64
		{30709355-D527-4FAA-9C02-1F64129968E5}.Debug|x64.Build.0 = Debug|x64
		{30709355-D527-4FAA-9C02-1F64129968E5}.Profile|Any CPU.ActiveCfg = Profile|x64
		{30709355-D527-4FAA-9C02-1F64129968E5}.Profile|x64.ActiveCfg = Profile|x64
		{30709355-D527-4FAA-9C02-1F64129968E5}.Profile|x64.Build.0 = Profile|x64
		{30709355-D527-4FAA-9C02-1F64129968E5}.Release|Any CPU.ActiveCfg = Release|x64
		{30709355-D527-4FAA-9C02-1F64129968E5}.Release|x64.ActiveCfg = Release|x64
		{30709355-D527-4FAA-9C02-1F64129968E5}.Release|x64.Build.0 = Release|x64
		{30709355-D527-4FAA-9C02-1F64129968E5}.ReleaseNoPackager|Any CPU.ActiveCfg = Release|x64
		{30709355-D527-4FAA-9C02-1F64129968E5}.ReleaseNoPackager|Any CPU.Build.0 = Release|x64
		{30709355-D527-4FAA-9C02-1F64129968E5}.ReleaseNoPackager|x64.ActiveCfg = Release|x64
		{30709355-D527-4FAA-9C02-1F64129968E5}.ReleaseNoPackager|x64.Build.0 = Release|x64
		{BB52FD96-F795-463D-8AD1-392B37344A7D}.Debug|Any CPU.ActiveCfg = Debug|x64
		{BB52FD96-F795-463D-8AD1-392B37344A7D}.Debug|x64.ActiveCfg = Debug|x64
		{BB52FD96-F795-463D-8AD1-392B37344A7D}.Debug|x64.Build.0 = Debug|x64
		{BB52FD96-F795-463D-8AD1-392B37344A7D}.Profile|Any CPU.ActiveCfg = Profile|x64
		{BB52FD96-F795-463D-8AD1-392B37344A7D}.Profile|x64.ActiveCfg = Profile|x64
		{BB52FD96-F795-463D-8AD1-392B37344A7D}.Profile|x64.Build.0 = Profile|x64
		{BB52FD96-F795-463D-8AD1-392B37344A7D}.Release|Any CPU.ActiveCfg = Release|x64
		{BB52FD96-F795-463D-8AD1-392B37344A7D}.Release|x64.ActiveCfg = Release|x64
		{BB52FD96-F795-463D-8AD1-392B37344A7D}.Release|x64.Build.0 = Release|x64
		{BB52FD96-F795-463D-8AD1-392B37344A7D}.ReleaseNoPackager|Any CPU.ActiveCfg = Profile|x64
		{BB52FD96-F795-463D-8AD1-392B37344A7D}.ReleaseNoPackager|Any CPU.Build.0 = Profile|x64
		{BB52FD96-F795-463D-8AD1-392B37344A7D}.ReleaseNoPackager|x64.ActiveCfg = Release|x64
		{BB52FD96-F795-463D-8AD1-392B37344A7D}.ReleaseNoPackager|x64.Build.0 = Release|x64
		{8004DF4F-E94E-4C58-8C6B-1042A461ED62}.Debug|Any CPU.ActiveCfg = Debug|x64
		{8004DF4F-E94E-4C58-8C6B-1042A461ED62}.Debug|x64.ActiveCfg = Debug|x64
		{8004DF4F-E94E-4C58-8C6B-1042A461ED62}.Debug|x64.Build.0 = Debug|x64
		{8004DF4F-E94E-4C58-8C6B-1042A461ED62}.Profile|Any CPU.ActiveCfg = Profile|x64
		{8004DF4F-E94E-4C58-8C6B-1042A461ED62}.Profile|x64.ActiveCfg = Profile|x64
		{8004DF4F-E94E-4C58-8C6B-1042A461ED62}.Profile|x64.Build.0 = Profile|x64
		{8004DF4F-E94E-4C58-8C6B-1042A461ED62}.Release|Any CPU.ActiveCfg = Release|x64
		{8004DF4F-E94E-4C58-8C6B-1042A461ED62}.Release|x64.ActiveCfg = Release|x64
		{8004DF4F-E94E-4C58-8C6B-1042A461ED62}.Release|x64.Build.0 = Release|x64
		{8004DF4F-E94E-4C58-8C6B-1042A461ED62}.ReleaseNoPackager|Any CPU.ActiveCfg = Release|x64
		{8004DF4F-E94E-4C58-8C6B-1042A461ED62}.ReleaseNoPackager|Any CPU.Build.0 = Release|x64
		{8004DF4F-E94E-4C58-8C6B-1042A461ED62}.ReleaseNoPackager|x64.ActiveCfg = Release|x64
		{8004DF4F-E94E-4C58-8C6B-1042A461ED62}.ReleaseNoPackager|x64.Build.0 = Release|x64
		{CC6DFC68-E28A-4C11-A168-FBE234335BC7}.Debug|Any CPU.ActiveCfg = Debug|x64
		{CC6DFC68-E28A-4C11-A168-FBE234335BC7}.Debug|x64.ActiveCfg = Debug|x64
		{CC6DFC68-E28A-4C11-A168-FBE234335BC7}.Debug|x64.Build.0 = Debug|x64
		{CC6DFC68-E28A-4C11-A168-FBE234335BC7}.Profile|Any CPU.ActiveCfg = Profile|x64
		{CC6DFC68-E28A-4C11-A168-FBE234335BC7}.Profile|x64.ActiveCfg = Profile|x64
		{CC6DFC68-E28A-4C11-A168-FBE234335BC7}.Profile|x64.Build.0 = Profile|x64
		{CC6DFC68-E28A-4C11-A168-FBE234335BC7}.Release|Any CPU.ActiveCfg = Release|x64
		{CC6DFC68-E28A-4C11-A168-FBE234335BC7}.Release|x64.ActiveCfg = Release|x64
		{CC6DFC68-E28A-4C11-A168-FBE234335BC7}.Release|x64.Build.0 = Release|x64
		{CC6DFC68-E28A-4C11-A168-FBE234335BC7}.ReleaseNoPackager|Any CPU.ActiveCfg = Release|x64
		{CC6DFC68-E28A-4C11-A168-FBE234335BC7}.ReleaseNoPackager|Any CPU.Build.0 = Release|x64
		{CC6DFC68-E28A-4C11-A168-FBE234335BC7}.ReleaseNoPackager|x64.ActiveCfg = Release|x64
		{CC6DFC68-E28A-4C11-A168-FBE234335BC7}.ReleaseNoPackager|x64.Build.0 = Release|x64
		{DA5BA977-37D5-4BD2-8269-E536B626DECB}.Debug|Any CPU.ActiveCfg = Debug|x64
		{DA5BA977-37D5-4BD2-8269-E536B626DECB}.Debug|x64.ActiveCfg = Debug|x64
		{DA5BA977-37D5-4BD2-8269-E536B626DECB}.Debug|x64.Build.0 = Debug|x64
		{DA5BA977-37D5-4BD2-8269-E536B626DECB}.Profile|Any CPU.ActiveCfg = Profile|x64
		{DA5BA977-37D5-4BD2-8269-E536B626DECB}.Profile|x64.ActiveCfg = Profile|x64
		{DA5BA977-37D5-4BD2-8269-E536B626DECB}.Profile|x64.Build.0 = Profile|x64
		{DA5BA977-37D5-4BD2-8269-E536B626DECB}.Release|Any CPU.ActiveCfg = Release|x64
		{DA5BA977-37D5-4BD2-8269-E536B626DECB}.Release|x64.ActiveCfg = Release|x64
		{DA5BA977-37D5-4BD2-8269-E536B626DECB}.Release|x64.Build.0 = Release|x64
		{DA5BA977-37D5-4BD2-8269-E536B626DECB}.ReleaseNoPackager|Any CPU.ActiveCfg = Release|x64
		{DA5BA977-37D5-4BD2-8269-E536B626DECB}.ReleaseNoPackager|Any CPU.Build.0 = Release|x64
		{DA5BA977-37D5-4BD2-8269-E536B626DECB}.ReleaseNoPackager|x64.ActiveCfg = Release|x64
		{DA5BA977-37D5-4BD2-8269-E536B626DECB}.ReleaseNoPackager|x64.Build.0 = Release|x64
		{BC32BD4C-DB35-4923-8B99-0219BF111EAE}.Debug|Any CPU.ActiveCfg = Debug|x64
		{BC32BD4C-DB35-4923-8B99-0219BF111EAE}.Debug|x64.ActiveCfg = Debug|x64
		{BC32BD4C-DB35-4923-8B99-0219BF111EAE}.Debug|x64.Build.0 = Debug|x64
		{BC32BD4C-DB35-4923-8B99-0219BF111EAE}.Profile|Any CPU.ActiveCfg = Profile|x64
		{BC32BD4C-DB35-4923-8B99-0219BF111EAE}.Profile|x64.ActiveCfg = Profile|x64
		{BC32BD4C-DB35-4923-8B99-0219BF111EAE}.Profile|x64.Build.0 = Profile|x64
		{BC32BD4C-DB35-4923-8B99-0219BF111EAE}.Release|Any CPU.ActiveCfg = Release|x64
		{BC32BD4C-DB35-4923-8B99-0219BF111EAE}.Release|x64.ActiveCfg = Release|x64
		{BC32BD4C-DB35-4923-8B99-0219BF111EAE}.Release|x64.Build.0 = Release|x64
		{BC32BD4C-DB35-4923-8B99-0219BF111EAE}.ReleaseNoPackager|Any CPU.ActiveCfg = Profile|x64
		{BC32BD4C-DB35-4923-8B99-0219BF111EAE}.ReleaseNoPackager|Any CPU.Build.0 = Profile|x64
		{BC32BD4C-DB35-4923-8B99-0219BF111EAE}.ReleaseNoPackager|x64.ActiveCfg = Release|x64
		{BC32BD4C-DB35-4923-8B99-0219BF111EAE}.ReleaseNoPackager|x64.Build.0 = Release|x64
		{56149530-76D6-4940-A777-D7EFED353723}.Debug|Any CPU.ActiveCfg = Debug|x64
		{56149530-76D6-4940-A777-D7EFED353723}.Debug|x64.ActiveCfg = Debug|x64
		{56149530-76D6-4940-A777-D7EFED353723}.Debug|x64.Build.0 = Debug|x64
		{56149530-76D6-4940-A777-D7EFED353723}.Profile|Any CPU.ActiveCfg = Profile|x64
		{56149530-76D6-4940-A777-D7EFED353723}.Profile|x64.ActiveCfg = Profile|x64
		{56149530-76D6-4940-A777-D7EFED353723}.Profile|x64.Build.0 = Profile|x64
		{56149530-76D6-4940-A777-D7EFED353723}.Release|Any CPU.ActiveCfg = Release|x64
		{56149530-76D6-4940-A777-D7EFED353723}.Release|x64.ActiveCfg = Release|x64
		{56149530-76D6-4940-A777-D7EFED353723}.Release|x64.Build.0 = Release|x64
		{56149530-76D6-4940-A777-D7EFED353723}.ReleaseNoPackager|Any CPU.ActiveCfg = Release|x64
		{56149530-76D6-4940-A777-D7EFED353723}.ReleaseNoPackager|Any CPU.Build.0 = Release|x64
		{56149530-76D6-4940-A777-D7EFED353723}.ReleaseNoPackager|x64.ActiveCfg = Release|x64
		{56149530-76D6-4940-A777-D7EFED353723}.ReleaseNoPackager|x64.Build.0 = Release|x64
		{0CA7DF04-32A0-4200-9D32-4CB257E47D98}.Debug|Any CPU.ActiveCfg = Debug|x64
		{0CA7DF04-32A0-4200-9D32-4CB257E47D98}.Debug|x64.ActiveCfg = Debug|x64
		{0CA7DF04-32A0-4200-9D32-4CB257E47D98}.Debug|x64.Build.0 = Debug|x64
		{0CA7DF04-32A0-4200-9D32-4CB257E47D98}.Profile|Any CPU.ActiveCfg = Profile|x64
		{0CA7DF04-32A0-4200-9D32-4CB257E47D98}.Profile|x64.ActiveCfg = Profile|x64
		{0CA7DF04-32A0-4200-9D32-4CB257E47D98}.Profile|x64.Build.0 = Profile|x64
		{0CA7DF04-32A0-4200-9D32-4CB257E47D98}.Release|Any CPU.ActiveCfg = Release|x64
		{0CA7DF04-32A0-4200-9D32-4CB257E47D98}.Release|x64.ActiveCfg = Release|x64
		{0CA7DF04-32A0-4200-9D32-4CB257E47D98}.Release|x64.Build.0 = Release|x64
		{0CA7DF04-32A0-4200-9D32-4CB257E47D98}.ReleaseNoPackager|Any CPU.ActiveCfg = Release|x64
		{0CA7DF04-32A0-4200-9D32-4CB257E47D98}.ReleaseNoPackager|Any CPU.Build.0 = Release|x64
		{0CA7DF04-32A0-4200-9D32-4CB257E47D98}.ReleaseNoPackager|x64.ActiveCfg = Release|x64
		{0CA7DF04-32A0-4200-9D32-4CB257E47D98}.ReleaseNoPackager|x64.Build.0 = Release|x64
		{18A35B78-109A-4ABA-8658-AD746046A610}.Debug|Any CPU.ActiveCfg = Debug|x64
		{18A35B78-109A-4ABA-8658-AD746046A610}.Debug|x64.ActiveCfg = Debug|x64
		{18A35B78-109A-4ABA-8658-AD746046A610}.Debug|x64.Build.0 = Debug|x64
		{18A35B78-109A-4ABA-8658-AD746046A610}.Profile|Any CPU.ActiveCfg = Profile|x64
		{18A35B78-109A-4ABA-8658-AD746046A610}.Profile|x64.ActiveCfg = Profile|x64
		{18A35B78-109A-4ABA-8658-AD746046A610}.Profile|x64.Build.0 = Profile|x64
		{18A35B78-109A-4ABA-8658-AD746046A610}.Release|Any CPU.ActiveCfg = Release|x64
		{18A35B78-109A-4ABA-8658-AD746046A610}.Release|x64.ActiveCfg = Release|x64
		{18A35B78-109A-4ABA-8658-AD746046A610}.Release|x64.Build.0 = Release|x64
		{18A35B78-109A-4ABA-8658-AD746046A610}.ReleaseNoPackager|Any CPU.ActiveCfg = Release|x64
		{18A35B78-109A-4ABA-8658-AD746046A610}.ReleaseNoPackager|Any CPU.Build.0 = Release|x64
		{18A35B78-109A-4ABA-8658-AD746046A610}.ReleaseNoPackager|x64.ActiveCfg = Release|x64
		{18A35B78-109A-4ABA-8658-AD746046A610}.ReleaseNoPackager|x64.Build.0 = Release|x64
		{C115891C-7BDB-4A4C-B19C-24E39536A051}.Debug|Any CPU.ActiveCfg = Debug|x64
		{C115891C-7BDB-4A4C-B19C-24E39536A051}.Debug|x64.ActiveCfg = Debug|x64
		{C115891C-7BDB-4A4C-B19C-24E39536A051}.Debug|x64.Build.0 = Debug|x64
		{C115891C-7BDB-4A4C-B19C-24E39536A051}.Profile|Any CPU.ActiveCfg = Profile|x64
		{C115891C-7BDB-4A4C-B19C-24E39536A051}.Profile|x64.ActiveCfg = Profile|x64
		{C115891C-7BDB-4A4C-B19C-24E39536A051}.Profile|x64.Build.0 = Profile|x64
		{C115891C-7BDB-4A4C-B19C-24E39536A051}.Release|Any CPU.ActiveCfg = Release|x64
		{C115891C-7BDB-4A4C-B19C-24E39536A051}.Release|x64.ActiveCfg = Release|x64
		{C115891C-7BDB-4A4C-B19C-24E39536A051}.Release|x64.Build.0 = Release|x64
		{C115891C-7BDB-4A4C-B19C-24E39536A051}.ReleaseNoPackager|Any CPU.ActiveCfg = Release|x64
		{C115891C-7BDB-4A4C-B19C-24E39536A051}.ReleaseNoPackager|Any CPU.Build.0 = Release|x64
		{C115891C-7BDB-4A4C-B19C-24E39536A051}.ReleaseNoPackager|x64.ActiveCfg = Release|x64
		{C115891C-7BDB-4A4C-B19C-24E39536A051}.ReleaseNoPackager|x64.Build.0 = Release|x64
		{F6BC64C2-F8CA-4BA9-84DA-69A4B78CCD09}.Debug|Any CPU.ActiveCfg = Debug|x64
		{F6BC64C2-F8CA-4BA9-84DA-69A4B78CCD09}.Debug|x64.ActiveCfg = Debug|x64
		{F6BC64C2-F8CA-4BA9-84DA-69A4B78CCD09}.Debug|x64.Build.0 = Debug|x64
		{F6BC64C2-F8CA-4BA9-84DA-69A4B78CCD09}.Profile|Any CPU.ActiveCfg = Profile|x64
		{F6BC64C2-F8CA-4BA9-84DA-69A4B78CCD09}.Profile|x64.ActiveCfg = Profile|x64
		{F6BC64C2-F8CA-4BA9-84DA-69A4B78CCD09}.Profile|x64.Build.0 = Profile|x64
		{F6BC64C2-F8CA-4BA9-84DA-69A4B78CCD09}.Release|Any CPU.ActiveCfg = Release|x64
		{F6BC64C2-F8CA-4BA9-84DA-69A4B78CCD09}.Release|x64.ActiveCfg = Release|x64
		{F6BC64C2-F8CA-4BA9-84DA-69A4B78CCD09}.Release|x64.Build.0 = Release|x64
		{F6BC64C2-F8CA-4BA9-84DA-69A4B78CCD09}.ReleaseNoPackager|Any CPU.ActiveCfg = Release|x64
		{F6BC64C2-F8CA-4BA9-84DA-69A4B78CCD09}.ReleaseNoPackager|Any CPU.Build.0 = Release|x64
		{F6BC64C2-F8CA-4BA9-84DA-69A4B78CCD09}.ReleaseNoPackager|x64.ActiveCfg = Release|x64
		{F6BC64C2-F8CA-4BA9-84DA-69A4B78CCD09}.ReleaseNoPackager|x64.Build.0 = Release|x64
		{34740247-39FB-45D9-B11D-A7650D128B52}.Debug|Any CPU.ActiveCfg = Debug|x64
		{34740247-39FB-45D9-B11D-A7650D128B52}.Debug|x64.ActiveCfg = Debug|x64
		{34740247-39FB-45D9-B11D-A7650D128B52}.Debug|x64.Build.0 = Debug|x64
		{34740247-39FB-45D9-B11D-A7650D128B52}.Profile|Any CPU.ActiveCfg = Profile|x64
		{34740247-39FB-45D9-B11D-A7650D128B52}.Profile|x64.ActiveCfg = Profile|x64
		{34740247-39FB-45D9-B11D-A7650D128B52}.Profile|x64.Build.0 = Profile|x64
		{34740247-39FB-45D9-B11D-A7650D128B52}.Release|Any CPU.ActiveCfg = Release|x64
		{34740247-39FB-45D9-B11D-A7650D128B52}.Release|x64.ActiveCfg = Release|x64
		{34740247-39FB-45D9-B11D-A7650D128B52}.Release|x64.Build.0 = Release|x64
		{34740247-39FB-45D9-B11D-A7650D128B52}.ReleaseNoPackager|Any CPU.ActiveCfg = Release|x64
		{34740247-39FB-45D9-B11D-A7650D128B52}.ReleaseNoPackager|Any CPU.Build.0 = Release|x64
		{34740247-39FB-45D9-B11D-A7650D128B52}.ReleaseNoPackager|x64.ActiveCfg = Release|x64
		{34740247-39FB-45D9-B11D-A7650D128B52}.ReleaseNoPackager|x64.Build.0 = Release|x64
		{FDDA96C7-1A39-4709-919A-EFDB3CF7A126}.Debug|Any CPU.ActiveCfg = Debug|x64
		{FDDA96C7-1A39-4709-919A-EFDB3CF7A126}.Debug|x64.ActiveCfg = Debug|x64
		{FDDA96C7-1A39-4709-919A-EFDB3CF7A126}.Debug|x64.Build.0 = Debug|x64
		{FDDA96C7-1A39-4709-919A-EFDB3CF7A126}.Profile|Any CPU.ActiveCfg = Profile|x64
		{FDDA96C7-1A39-4709-919A-EFDB3CF7A126}.Profile|x64.ActiveCfg = Profile|x64
		{FDDA96C7-1A39-4709-919A-EFDB3CF7A126}.Profile|x64.Build.0 = Profile|x64
		{FDDA96C7-1A39-4709-919A-EFDB3CF7A126}.Release|Any CPU.ActiveCfg = Release|x64
		{FDDA96C7-1A39-4709-919A-EFDB3CF7A126}.Release|x64.ActiveCfg = Release|x64
		{FDDA96C7-1A39-4709-919A-EFDB3CF7A126}.Release|x64.Build.0 = Release|x64
		{FDDA96C7-1A39-4709-919A-EFDB3CF7A126}.ReleaseNoPackager|Any CPU.ActiveCfg = Release|x64
		{FDDA96C7-1A39-4709-919A-EFDB3CF7A126}.ReleaseNoPackager|Any CPU.Build.0 = Release|x64
		{FDDA96C7-1A39-4709-919A-EFDB3CF7A126}.ReleaseNoPackager|x64.ActiveCfg = Release|x64
		{FDDA96C7-1A39-4709-919A-EFDB3CF7A126}.ReleaseNoPackager|x64.Build.0 = Release|x64
		{BF9A69C6-F71F-4838-9EC9-1B63717EDDAC}.Debug|Any CPU.ActiveCfg = Debug|x64
		{BF9A69C6-F71F-4838-9EC9-1B63717EDDAC}.Debug|x64.ActiveCfg = Debug|x64
		{BF9A69C6-F71F-4838-9EC9-1B63717EDDAC}.Debug|x64.Build.0 = Debug|x64
		{BF9A69C6-F71F-4838-9EC9-1B63717EDDAC}.Profile|Any CPU.ActiveCfg = Profile|x64
		{BF9A69C6-F71F-4838-9EC9-1B63717EDDAC}.Profile|x64.ActiveCfg = Profile|x64
		{BF9A69C6-F71F-4838-9EC9-1B63717EDDAC}.Profile|x64.Build.0 = Profile|x64
		{BF9A69C6-F71F-4838-9EC9-1B63717EDDAC}.Release|Any CPU.ActiveCfg = Release|x64
		{BF9A69C6-F71F-4838-9EC9-1B63717EDDAC}.Release|x64.ActiveCfg = Release|x64
		{BF9A69C6-F71F-4838-9EC9-1B63717EDDAC}.Release|x64.Build.0 = Release|x64
		{BF9A69C6-F71F-4838-9EC9-1B63717EDDAC}.ReleaseNoPackager|Any CPU.ActiveCfg = Release|x64
		{BF9A69C6-F71F-4838-9EC9-1B63717EDDAC}.ReleaseNoPackager|Any CPU.Build.0 = Release|x64
		{BF9A69C6-F71F-4838-9EC9-1B63717EDDAC}.ReleaseNoPackager|x64.ActiveCfg = Release|x64
		{BF9A69C6-F71F-4838-9EC9-1B63717EDDAC}.ReleaseNoPackager|x64.Build.0 = Release|x64
		{58D7C87A-DCB4-42DC-8575-4F416154F226}.Debug|Any CPU.ActiveCfg = Debug|x64
		{58D7C87A-DCB4-42DC-8575-4F416154F226}.Debug|x64.ActiveCfg = Debug|x64
		{58D7C87A-DCB4-42DC-8575-4F416154F226}.Debug|x64.Build.0 = Debug|x64
		{58D7C87A-DCB4-42DC-8575-4F416154F226}.Profile|Any CPU.ActiveCfg = Profile|x64
		{58D7C87A-DCB4-42DC-8575-4F416154F226}.Profile|x64.ActiveCfg = Profile|x64
		{58D7C87A-DCB4-42DC-8575-4F416154F226}.Profile|x64.Build.0 = Profile|x64
		{58D7C87A-DCB4-42DC-8575-4F416154F226}.Release|Any CPU.ActiveCfg = Release|x64
		{58D7C87A-DCB4-42DC-8575-4F416154F226}.Release|x64.ActiveCfg = Release|x64
		{58D7C87A-DCB4-42DC-8575-4F416154F226}.Release|x64.Build.0 = Release|x64
		{58D7C87A-DCB4-42DC-8575-4F416154F226}.ReleaseNoPackager|Any CPU.ActiveCfg = Release|x64
		{58D7C87A-DCB4-42DC-8575-4F416154F226}.ReleaseNoPackager|Any CPU.Build.0 = Release|x64
		{58D7C87A-DCB4-42DC-8575-4F416154F226}.ReleaseNoPackager|x64.ActiveCfg = Release|x64
		{58D7C87A-DCB4-42DC-8575-4F416154F226}.ReleaseNoPackager|x64.Build.0 = Release|x64
		{66664E96-F4E4-4C82-9B7B-A6E8CCD92069}.Debug|Any CPU.ActiveCfg = Debug|x64
		{66664E96-F4E4-4C82-9B7B-A6E8CCD92069}.Debug|x64.ActiveCfg = Debug|x64
		{66664E96-F4E4-4C82-9B7B-A6E8CCD92069}.Debug|x64.Build.0 = Debug|x64
		{66664E96-F4E4-4C82-9B7B-A6E8CCD92069}.Profile|Any CPU.ActiveCfg = Profile|x64
		{66664E96-F4E4-4C82-9B7B-A6E8CCD92069}.Profile|x64.ActiveCfg = Profile|x64
		{66664E96-F4E4-4C82-9B7B-A6E8CCD92069}.Profile|x64.Build.0 = Profile|x64
		{66664E96-F4E4-4C82-9B7B-A6E8CCD92069}.Release|Any CPU.ActiveCfg = Release|x64
		{66664E96-F4E4-4C82-9B7B-A6E8CCD92069}.Release|x64.ActiveCfg = Release|x64
		{66664E96-F4E4-4C82-9B7B-A6E8CCD92069}.Release|x64.Build.0 = Release|x64
		{66664E96-F4E4-4C82-9B7B-A6E8CCD92069}.ReleaseNoPackager|Any CPU.ActiveCfg = Release|x64
		{66664E96-F4E4-4C82-9B7B-A6E8CCD92069}.ReleaseNoPackager|Any CPU.Build.0 = Release|x64
		{66664E96-F4E4-4C82-9B7B-A6E8CCD92069}.ReleaseNoPackager|x64.ActiveCfg = Release|x64
		{66664E96-F4E4-4C82-9B7B-A6E8CCD92069}.ReleaseNoPackager|x64.Build.0 = Release|x64
		{5B489712-203D-4E22-817C-89244DCF9434}.Debug|Any CPU.ActiveCfg = Debug|Any CPU
		{5B489712-203D-4E22-817C-89244DCF9434}.Debug|Any CPU.Build.0 = Debug|Any CPU
		{5B489712-203D-4E22-817C-89244DCF9434}.Debug|x64.ActiveCfg = Debug|Any CPU
		{5B489712-203D-4E22-817C-89244DCF9434}.Debug|x64.Build.0 = Debug|Any CPU
		{5B489712-203D-4E22-817C-89244DCF9434}.Profile|Any CPU.ActiveCfg = Release|Any CPU
		{5B489712-203D-4E22-817C-89244DCF9434}.Profile|x64.ActiveCfg = Profile|Any CPU
		{5B489712-203D-4E22-817C-89244DCF9434}.Profile|x64.Build.0 = Profile|Any CPU
		{5B489712-203D-4E22-817C-89244DCF9434}.Release|Any CPU.ActiveCfg = Release|Any CPU
		{5B489712-203D-4E22-817C-89244DCF9434}.Release|Any CPU.Build.0 = Release|Any CPU
		{5B489712-203D-4E22-817C-89244DCF9434}.Release|x64.ActiveCfg = Release|Any CPU
		{5B489712-203D-4E22-817C-89244DCF9434}.Release|x64.Build.0 = Release|Any CPU
		{5B489712-203D-4E22-817C-89244DCF9434}.ReleaseNoPackager|Any CPU.ActiveCfg = Release|Any CPU
		{5B489712-203D-4E22-817C-89244DCF9434}.ReleaseNoPackager|x64.ActiveCfg = Release|Any CPU
		{5B489712-203D-4E22-817C-89244DCF9434}.ReleaseNoPackager|x64.Build.0 = Release|Any CPU
		{83D868D9-6524-4208-9714-1949A878BC86}.Debug|Any CPU.ActiveCfg = Debug|x64
		{83D868D9-6524-4208-9714-1949A878BC86}.Debug|x64.ActiveCfg = Debug|x64
		{83D868D9-6524-4208-9714-1949A878BC86}.Debug|x64.Build.0 = Debug|x64
		{83D868D9-6524-4208-9714-1949A878BC86}.Profile|Any CPU.ActiveCfg = Profile|x64
		{83D868D9-6524-4208-9714-1949A878BC86}.Profile|x64.ActiveCfg = Profile|x64
		{83D868D9-6524-4208-9714-1949A878BC86}.Profile|x64.Build.0 = Profile|x64
		{83D868D9-6524-4208-9714-1949A878BC86}.Release|Any CPU.ActiveCfg = Release|x64
		{83D868D9-6524-4208-9714-1949A878BC86}.Release|x64.ActiveCfg = Release|x64
		{83D868D9-6524-4208-9714-1949A878BC86}.Release|x64.Build.0 = Release|x64
		{83D868D9-6524-4208-9714-1949A878BC86}.ReleaseNoPackager|Any CPU.ActiveCfg = Release|x64
		{83D868D9-6524-4208-9714-1949A878BC86}.ReleaseNoPackager|Any CPU.Build.0 = Release|x64
		{83D868D9-6524-4208-9714-1949A878BC86}.ReleaseNoPackager|x64.ActiveCfg = Release|x64
		{02EAF0AA-DEFF-4C09-80A7-70A413568897}.Debug|Any CPU.ActiveCfg = Debug|x64
		{02EAF0AA-DEFF-4C09-80A7-70A413568897}.Debug|x64.ActiveCfg = Debug|x64
		{02EAF0AA-DEFF-4C09-80A7-70A413568897}.Debug|x64.Build.0 = Debug|x64
		{02EAF0AA-DEFF-4C09-80A7-70A413568897}.Profile|Any CPU.ActiveCfg = Profile|x64
		{02EAF0AA-DEFF-4C09-80A7-70A413568897}.Profile|x64.ActiveCfg = Profile|x64
		{02EAF0AA-DEFF-4C09-80A7-70A413568897}.Profile|x64.Build.0 = Profile|x64
		{02EAF0AA-DEFF-4C09-80A7-70A413568897}.Release|Any CPU.ActiveCfg = Release|x64
		{02EAF0AA-DEFF-4C09-80A7-70A413568897}.Release|x64.ActiveCfg = Release|x64
		{02EAF0AA-DEFF-4C09-80A7-70A413568897}.Release|x64.Build.0 = Release|x64
		{02EAF0AA-DEFF-4C09-80A7-70A413568897}.ReleaseNoPackager|Any CPU.ActiveCfg = Release|x64
		{02EAF0AA-DEFF-4C09-80A7-70A413568897}.ReleaseNoPackager|Any CPU.Build.0 = Release|x64
		{02EAF0AA-DEFF-4C09-80A7-70A413568897}.ReleaseNoPackager|x64.ActiveCfg = Release|x64
		{02EAF0AA-DEFF-4C09-80A7-70A413568897}.ReleaseNoPackager|x64.Build.0 = Release|x64
		{028BF684-49A8-44C0-861B-ADD005FA7D40}.Debug|Any CPU.ActiveCfg = Debug|x64
		{028BF684-49A8-44C0-861B-ADD005FA7D40}.Debug|x64.ActiveCfg = Debug|x64
		{028BF684-49A8-44C0-861B-ADD005FA7D40}.Debug|x64.Build.0 = Debug|x64
		{028BF684-49A8-44C0-861B-ADD005FA7D40}.Profile|Any CPU.ActiveCfg = Profile|x64
		{028BF684-49A8-44C0-861B-ADD005FA7D40}.Profile|x64.ActiveCfg = Profile|x64
		{028BF684-49A8-44C0-861B-ADD005FA7D40}.Profile|x64.Build.0 = Profile|x64
		{028BF684-49A8-44C0-861B-ADD005FA7D40}.Release|Any CPU.ActiveCfg = Release|x64
		{028BF684-49A8-44C0-861B-ADD005FA7D40}.Release|x64.ActiveCfg = Release|x64
		{028BF684-49A8-44C0-861B-ADD005FA7D40}.Release|x64.Build.0 = Release|x64
		{028BF684-49A8-44C0-861B-ADD005FA7D40}.ReleaseNoPackager|Any CPU.ActiveCfg = Release|x64
		{028BF684-49A8-44C0-861B-ADD005FA7D40}.ReleaseNoPackager|Any CPU.Build.0 = Release|x64
		{028BF684-49A8-44C0-861B-ADD005FA7D40}.ReleaseNoPackager|x64.ActiveCfg = Release|x64
		{028BF684-49A8-44C0-861B-ADD005FA7D40}.ReleaseNoPackager|x64.Build.0 = Release|x64
		{4BBDF672-34C4-4F52-9985-4140CFEC9BE8}.Debug|Any CPU.ActiveCfg = Debug|x64
		{4BBDF672-34C4-4F52-9985-4140CFEC9BE8}.Debug|x64.ActiveCfg = Debug|x64
		{4BBDF672-34C4-4F52-9985-4140CFEC9BE8}.Debug|x64.Build.0 = Debug|x64
		{4BBDF672-34C4-4F52-9985-4140CFEC9BE8}.Profile|Any CPU.ActiveCfg = Profile|x64
		{4BBDF672-34C4-4F52-9985-4140CFEC9BE8}.Profile|x64.ActiveCfg = Profile|x64
		{4BBDF672-34C4-4F52-9985-4140CFEC9BE8}.Profile|x64.Build.0 = Profile|x64
		{4BBDF672-34C4-4F52-9985-4140CFEC9BE8}.Release|Any CPU.ActiveCfg = Release|x64
		{4BBDF672-34C4-4F52-9985-4140CFEC9BE8}.Release|x64.ActiveCfg = Release|x64
		{4BBDF672-34C4-4F52-9985-4140CFEC9BE8}.Release|x64.Build.0 = Release|x64
		{4BBDF672-34C4-4F52-9985-4140CFEC9BE8}.ReleaseNoPackager|Any CPU.ActiveCfg = Release|x64
		{4BBDF672-34C4-4F52-9985-4140CFEC9BE8}.ReleaseNoPackager|Any CPU.Build.0 = Release|x64
		{4BBDF672-34C4-4F52-9985-4140CFEC9BE8}.ReleaseNoPackager|x64.ActiveCfg = Release|x64
		{4BBDF672-34C4-4F52-9985-4140CFEC9BE8}.ReleaseNoPackager|x64.Build.0 = Release|x64
		{ABD75873-B8E9-4F0D-A2B7-275BEDB9E1BD}.Debug|Any CPU.ActiveCfg = Debug|x64
		{ABD75873-B8E9-4F0D-A2B7-275BEDB9E1BD}.Debug|x64.ActiveCfg = Debug|x64
		{ABD75873-B8E9-4F0D-A2B7-275BEDB9E1BD}.Debug|x64.Build.0 = Debug|x64
		{ABD75873-B8E9-4F0D-A2B7-275BEDB9E1BD}.Profile|Any CPU.ActiveCfg = Profile|x64
		{ABD75873-B8E9-4F0D-A2B7-275BEDB9E1BD}.Profile|x64.ActiveCfg = Profile|x64
		{ABD75873-B8E9-4F0D-A2B7-275BEDB9E1BD}.Profile|x64.Build.0 = Profile|x64
		{ABD75873-B8E9-4F0D-A2B7-275BEDB9E1BD}.Release|Any CPU.ActiveCfg = Release|x64
		{ABD75873-B8E9-4F0D-A2B7-275BEDB9E1BD}.Release|x64.ActiveCfg = Release|x64
		{ABD75873-B8E9-4F0D-A2B7-275BEDB9E1BD}.Release|x64.Build.0 = Release|x64
		{ABD75873-B8E9-4F0D-A2B7-275BEDB9E1BD}.ReleaseNoPackager|Any CPU.ActiveCfg = Release|x64
		{ABD75873-B8E9-4F0D-A2B7-275BEDB9E1BD}.ReleaseNoPackager|Any CPU.Build.0 = Release|x64
		{ABD75873-B8E9-4F0D-A2B7-275BEDB9E1BD}.ReleaseNoPackager|x64.ActiveCfg = Release|x64
		{ABD75873-B8E9-4F0D-A2B7-275BEDB9E1BD}.ReleaseNoPackager|x64.Build.0 = Release|x64
		{CF8D7CD2-56CF-4E65-AA42-17B3E6D6D758}.Debug|Any CPU.ActiveCfg = Debug|x64
		{CF8D7CD2-56CF-4E65-AA42-17B3E6D6D758}.Debug|x64.ActiveCfg = Debug|x64
		{CF8D7CD2-56CF-4E65-AA42-17B3E6D6D758}.Debug|x64.Build.0 = Debug|x64
		{CF8D7CD2-56CF-4E65-AA42-17B3E6D6D758}.Profile|Any CPU.ActiveCfg = Profile|x64
		{CF8D7CD2-56CF-4E65-AA42-17B3E6D6D758}.Profile|x64.ActiveCfg = Profile|x64
		{CF8D7CD2-56CF-4E65-AA42-17B3E6D6D758}.Profile|x64.Build.0 = Profile|x64
		{CF8D7CD2-56CF-4E65-AA42-17B3E6D6D758}.Release|Any CPU.ActiveCfg = Release|x64
		{CF8D7CD2-56CF-4E65-AA42-17B3E6D6D758}.Release|x64.ActiveCfg = Release|x64
		{CF8D7CD2-56CF-4E65-AA42-17B3E6D6D758}.Release|x64.Build.0 = Release|x64
		{CF8D7CD2-56CF-4E65-AA42-17B3E6D6D758}.ReleaseNoPackager|Any CPU.ActiveCfg = Release|x64
		{CF8D7CD2-56CF-4E65-AA42-17B3E6D6D758}.ReleaseNoPackager|Any CPU.Build.0 = Release|x64
		{CF8D7CD2-56CF-4E65-AA42-17B3E6D6D758}.ReleaseNoPackager|x64.ActiveCfg = Release|x64
		{CF8D7CD2-56CF-4E65-AA42-17B3E6D6D758}.ReleaseNoPackager|x64.Build.0 = Release|x64
		{268B5631-F9C8-4D62-99FC-1A4A63A0A601}.Debug|Any CPU.ActiveCfg = Debug|x64
		{268B5631-F9C8-4D62-99FC-1A4A63A0A601}.Debug|x64.ActiveCfg = Debug|x64
		{268B5631-F9C8-4D62-99FC-1A4A63A0A601}.Debug|x64.Build.0 = Debug|x64
		{268B5631-F9C8-4D62-99FC-1A4A63A0A601}.Profile|Any CPU.ActiveCfg = Profile|x64
		{268B5631-F9C8-4D62-99FC-1A4A63A0A601}.Profile|x64.ActiveCfg = Profile|x64
		{268B5631-F9C8-4D62-99FC-1A4A63A0A601}.Profile|x64.Build.0 = Profile|x64
		{268B5631-F9C8-4D62-99FC-1A4A63A0A601}.Release|Any CPU.ActiveCfg = Release|x64
		{268B5631-F9C8-4D62-99FC-1A4A63A0A601}.Release|x64.ActiveCfg = Release|x64
		{268B5631-F9C8-4D62-99FC-1A4A63A0A601}.Release|x64.Build.0 = Release|x64
		{268B5631-F9C8-4D62-99FC-1A4A63A0A601}.ReleaseNoPackager|Any CPU.ActiveCfg = Release|x64
		{268B5631-F9C8-4D62-99FC-1A4A63A0A601}.ReleaseNoPackager|Any CPU.Build.0 = Release|x64
		{268B5631-F9C8-4D62-99FC-1A4A63A0A601}.ReleaseNoPackager|x64.ActiveCfg = Release|x64
		{268B5631-F9C8-4D62-99FC-1A4A63A0A601}.ReleaseNoPackager|x64.Build.0 = Release|x64
		{A1DC8DD9-AEBE-49C5-9530-CA4EBA5681CF}.Debug|Any CPU.ActiveCfg = Debug|Any CPU
		{A1DC8DD9-AEBE-49C5-9530-CA4EBA5681CF}.Debug|Any CPU.Build.0 = Debug|Any CPU
		{A1DC8DD9-AEBE-49C5-9530-CA4EBA5681CF}.Debug|x64.ActiveCfg = Debug|Any CPU
		{A1DC8DD9-AEBE-49C5-9530-CA4EBA5681CF}.Debug|x64.Build.0 = Debug|Any CPU
		{A1DC8DD9-AEBE-49C5-9530-CA4EBA5681CF}.Profile|Any CPU.ActiveCfg = Release|Any CPU
		{A1DC8DD9-AEBE-49C5-9530-CA4EBA5681CF}.Profile|x64.ActiveCfg = Profile|Any CPU
		{A1DC8DD9-AEBE-49C5-9530-CA4EBA5681CF}.Profile|x64.Build.0 = Profile|Any CPU
		{A1DC8DD9-AEBE-49C5-9530-CA4EBA5681CF}.Release|Any CPU.ActiveCfg = Release|Any CPU
		{A1DC8DD9-AEBE-49C5-9530-CA4EBA5681CF}.Release|Any CPU.Build.0 = Release|Any CPU
		{A1DC8DD9-AEBE-49C5-9530-CA4EBA5681CF}.Release|x64.ActiveCfg = Release|Any CPU
		{A1DC8DD9-AEBE-49C5-9530-CA4EBA5681CF}.Release|x64.Build.0 = Release|Any CPU
		{A1DC8DD9-AEBE-49C5-9530-CA4EBA5681CF}.ReleaseNoPackager|Any CPU.ActiveCfg = Release|Any CPU
		{A1DC8DD9-AEBE-49C5-9530-CA4EBA5681CF}.ReleaseNoPackager|Any CPU.Build.0 = Release|Any CPU
		{A1DC8DD9-AEBE-49C5-9530-CA4EBA5681CF}.ReleaseNoPackager|x64.ActiveCfg = Release|Any CPU
		{A1DC8DD9-AEBE-49C5-9530-CA4EBA5681CF}.ReleaseNoPackager|x64.Build.0 = Release|Any CPU
		{59673C98-FC2D-4393-8B1C-C08B694CDE22}.Debug|Any CPU.ActiveCfg = Debug|x64
		{59673C98-FC2D-4393-8B1C-C08B694CDE22}.Debug|x64.ActiveCfg = Debug|x64
		{59673C98-FC2D-4393-8B1C-C08B694CDE22}.Debug|x64.Build.0 = Debug|x64
		{59673C98-FC2D-4393-8B1C-C08B694CDE22}.Profile|Any CPU.ActiveCfg = Profile|x64
		{59673C98-FC2D-4393-8B1C-C08B694CDE22}.Profile|x64.ActiveCfg = Profile|x64
		{59673C98-FC2D-4393-8B1C-C08B694CDE22}.Profile|x64.Build.0 = Profile|x64
		{59673C98-FC2D-4393-8B1C-C08B694CDE22}.Release|Any CPU.ActiveCfg = Release|x64
		{59673C98-FC2D-4393-8B1C-C08B694CDE22}.Release|x64.ActiveCfg = Release|x64
		{59673C98-FC2D-4393-8B1C-C08B694CDE22}.Release|x64.Build.0 = Release|x64
		{59673C98-FC2D-4393-8B1C-C08B694CDE22}.ReleaseNoPackager|Any CPU.ActiveCfg = Release|x64
		{59673C98-FC2D-4393-8B1C-C08B694CDE22}.ReleaseNoPackager|Any CPU.Build.0 = Release|x64
		{59673C98-FC2D-4393-8B1C-C08B694CDE22}.ReleaseNoPackager|x64.ActiveCfg = Release|x64
		{59673C98-FC2D-4393-8B1C-C08B694CDE22}.ReleaseNoPackager|x64.Build.0 = Release|x64
		{683B9632-A1B4-411C-9E3B-716D3573F4F0}.Debug|Any CPU.ActiveCfg = Debug|x64
		{683B9632-A1B4-411C-9E3B-716D3573F4F0}.Debug|x64.ActiveCfg = Debug|x64
		{683B9632-A1B4-411C-9E3B-716D3573F4F0}.Debug|x64.Build.0 = Debug|x64
		{683B9632-A1B4-411C-9E3B-716D3573F4F0}.Profile|Any CPU.ActiveCfg = Profile|x64
		{683B9632-A1B4-411C-9E3B-716D3573F4F0}.Profile|x64.ActiveCfg = Profile|x64
		{683B9632-A1B4-411C-9E3B-716D3573F4F0}.Profile|x64.Build.0 = Profile|x64
		{683B9632-A1B4-411C-9E3B-716D3573F4F0}.Release|Any CPU.ActiveCfg = Release|x64
		{683B9632-A1B4-411C-9E3B-716D3573F4F0}.Release|x64.ActiveCfg = Release|x64
		{683B9632-A1B4-411C-9E3B-716D3573F4F0}.Release|x64.Build.0 = Release|x64
		{683B9632-A1B4-411C-9E3B-716D3573F4F0}.ReleaseNoPackager|Any CPU.ActiveCfg = Release|x64
		{683B9632-A1B4-411C-9E3B-716D3573F4F0}.ReleaseNoPackager|Any CPU.Build.0 = Release|x64
		{683B9632-A1B4-411C-9E3B-716D3573F4F0}.ReleaseNoPackager|x64.ActiveCfg = Release|x64
		{683B9632-A1B4-411C-9E3B-716D3573F4F0}.ReleaseNoPackager|x64.Build.0 = Release|x64
	EndGlobalSection
	GlobalSection(SolutionProperties) = preSolution
		HideSolutionNode = FALSE
	EndGlobalSection
	GlobalSection(NestedProjects) = preSolution
		{867025DB-4673-449F-886A-519879864D68} = {5F8ED569-4527-41D2-B165-276BDE4FA18E}
		{30709355-D527-4FAA-9C02-1F64129968E5} = {F98F7CDA-1DB8-439B-9673-B8C23D38E1F7}
		{BB52FD96-F795-463D-8AD1-392B37344A7D} = {5F8ED569-4527-41D2-B165-276BDE4FA18E}
		{5F8ED569-4527-41D2-B165-276BDE4FA18E} = {D56D6E97-088C-4FA6-9F12-D4B3B1BCDCA2}
		{8004DF4F-E94E-4C58-8C6B-1042A461ED62} = {71FDD4FA-5CB7-4461-A3FD-A8818CF6C865}
		{CC6DFC68-E28A-4C11-A168-FBE234335BC7} = {71FDD4FA-5CB7-4461-A3FD-A8818CF6C865}
		{DA5BA977-37D5-4BD2-8269-E536B626DECB} = {71FDD4FA-5CB7-4461-A3FD-A8818CF6C865}
		{BC32BD4C-DB35-4923-8B99-0219BF111EAE} = {71FDD4FA-5CB7-4461-A3FD-A8818CF6C865}
		{71FDD4FA-5CB7-4461-A3FD-A8818CF6C865} = {5F8ED569-4527-41D2-B165-276BDE4FA18E}
		{56149530-76D6-4940-A777-D7EFED353723} = {71FDD4FA-5CB7-4461-A3FD-A8818CF6C865}
		{0CA7DF04-32A0-4200-9D32-4CB257E47D98} = {71FDD4FA-5CB7-4461-A3FD-A8818CF6C865}
		{18A35B78-109A-4ABA-8658-AD746046A610} = {71FDD4FA-5CB7-4461-A3FD-A8818CF6C865}
		{C115891C-7BDB-4A4C-B19C-24E39536A051} = {71FDD4FA-5CB7-4461-A3FD-A8818CF6C865}
		{F6BC64C2-F8CA-4BA9-84DA-69A4B78CCD09} = {71FDD4FA-5CB7-4461-A3FD-A8818CF6C865}
		{9ACB8D28-162B-4B97-A55B-3360CBF1F8BC} = {D7BAD75A-E0E9-4F26-B1A8-0E3A35B1D3C1}
		{34740247-39FB-45D9-B11D-A7650D128B52} = {D7BAD75A-E0E9-4F26-B1A8-0E3A35B1D3C1}
		{FDDA96C7-1A39-4709-919A-EFDB3CF7A126} = {9ACB8D28-162B-4B97-A55B-3360CBF1F8BC}
		{BF9A69C6-F71F-4838-9EC9-1B63717EDDAC} = {71FDD4FA-5CB7-4461-A3FD-A8818CF6C865}
		{58D7C87A-DCB4-42DC-8575-4F416154F226} = {9ACB8D28-162B-4B97-A55B-3360CBF1F8BC}
		{66664E96-F4E4-4C82-9B7B-A6E8CCD92069} = {71FDD4FA-5CB7-4461-A3FD-A8818CF6C865}
		{F79A0D9C-2055-4FD3-89F6-A901CD582DBD} = {D56D6E97-088C-4FA6-9F12-D4B3B1BCDCA2}
		{5B489712-203D-4E22-817C-89244DCF9434} = {F79A0D9C-2055-4FD3-89F6-A901CD582DBD}
		{83D868D9-6524-4208-9714-1949A878BC86} = {F79A0D9C-2055-4FD3-89F6-A901CD582DBD}
		{02EAF0AA-DEFF-4C09-80A7-70A413568897} = {71FDD4FA-5CB7-4461-A3FD-A8818CF6C865}
		{F98F7CDA-1DB8-439B-9673-B8C23D38E1F7} = {D56D6E97-088C-4FA6-9F12-D4B3B1BCDCA2}
		{028BF684-49A8-44C0-861B-ADD005FA7D40} = {71FDD4FA-5CB7-4461-A3FD-A8818CF6C865}
		{6F826875-D03B-4CA8-90B4-C83DECE63800} = {F3761E77-B57B-4CCF-AF7F-C97830641E49}
		{016E636E-C35D-49AD-8501-5C52B310B0E8} = {6F826875-D03B-4CA8-90B4-C83DECE63800}
		{6F0D8944-AFB3-4306-BCFE-00CBADDBB2F1} = {016E636E-C35D-49AD-8501-5C52B310B0E8}
		{1C2891EB-43B4-4E2C-8517-59E80A43C3B7} = {016E636E-C35D-49AD-8501-5C52B310B0E8}
		{C7CAFCCE-4275-4471-AD07-90DCE12EE6BC} = {6F826875-D03B-4CA8-90B4-C83DECE63800}
		{4BBDF672-34C4-4F52-9985-4140CFEC9BE8} = {71FDD4FA-5CB7-4461-A3FD-A8818CF6C865}
		{ABD75873-B8E9-4F0D-A2B7-275BEDB9E1BD} = {F79A0D9C-2055-4FD3-89F6-A901CD582DBD}
		{8F1E067C-9A98-4744-BB3B-9BD14A550D8B} = {6F826875-D03B-4CA8-90B4-C83DECE63800}
		{7410768D-6BA0-4898-B2E0-0AE483393E88} = {F79A0D9C-2055-4FD3-89F6-A901CD582DBD}
		{CF8D7CD2-56CF-4E65-AA42-17B3E6D6D758} = {7410768D-6BA0-4898-B2E0-0AE483393E88}
		{268B5631-F9C8-4D62-99FC-1A4A63A0A601} = {71FDD4FA-5CB7-4461-A3FD-A8818CF6C865}
		{30AE641C-FDD2-49B8-ABD0-19EA070978D3} = {F98F7CDA-1DB8-439B-9673-B8C23D38E1F7}
		{A1DC8DD9-AEBE-49C5-9530-CA4EBA5681CF} = {F79A0D9C-2055-4FD3-89F6-A901CD582DBD}
		{F19CC26F-2518-4126-A199-423A268A3191} = {F98F7CDA-1DB8-439B-9673-B8C23D38E1F7}
		{59673C98-FC2D-4393-8B1C-C08B694CDE22} = {F79A0D9C-2055-4FD3-89F6-A901CD582DBD}
		{683B9632-A1B4-411C-9E3B-716D3573F4F0} = {71FDD4FA-5CB7-4461-A3FD-A8818CF6C865}
	EndGlobalSection
	GlobalSection(ExtensibilityGlobals) = postSolution
		SolutionGuid = {AC48B795-9776-4952-84E0-CE8AB938B72B}
	EndGlobalSection
EndGlobal
