
Microsoft Visual Studio Solution File, Format Version 12.00
# Visual Studio Version 16
VisualStudioVersion = 16.0.30011.22
MinimumVisualStudioVersion = 10.0.40219.1
Project("{8BC9CEB8-8B4A-11D0-8D11-00A0C91BC942}") = "Storm", "Source\Storm\script\Storm.vcxproj", "{867025DB-4673-449F-886A-519879864D68}"
EndProject
Project("{8BC9CEB8-8B4A-11D0-8D11-00A0C91BC942}") = "Storm-Helper", "Source\Storm-Helper\script\Storm-Helper.vcxproj", "{30709355-D527-4FAA-9C02-1F64129968E5}"
EndProject
Project("{8BC9CEB8-8B4A-11D0-8D11-00A0C91BC942}") = "Storm-ModelBase", "Source\Storm-ModelBase\script\Storm-ModelBase.vcxproj", "{BB52FD96-F795-463D-8AD1-392B37344A7D}"
EndProject
Project("{2150E333-8FDC-42A3-9474-1A3956D46DE8}") = "Automation", "Automation", "{D7BAD75A-E0E9-4F26-B1A8-0E3A35B1D3C1}"
	ProjectSection(SolutionItems) = preProject
		Source\Automation\StormAutomation-Base\catch2.runsettings = Source\Automation\StormAutomation-Base\catch2.runsettings
	EndProjectSection
EndProject
Project("{2150E333-8FDC-42A3-9474-1A3956D46DE8}") = "Simulation", "Simulation", "{5F8ED569-4527-41D2-B165-276BDE4FA18E}"
EndProject
Project("{8BC9CEB8-8B4A-11D0-8D11-00A0C91BC942}") = "Storm-Config", "Source\Storm-Config\script\Storm-Config.vcxproj", "{8004DF4F-E94E-4C58-8C6B-1042A461ED62}"
EndProject
Project("{8BC9CEB8-8B4A-11D0-8D11-00A0C91BC942}") = "Storm-Graphics", "Source\Storm-Graphics\script\Storm-Graphics.vcxproj", "{CC6DFC68-E28A-4C11-A168-FBE234335BC7}"
EndProject
Project("{8BC9CEB8-8B4A-11D0-8D11-00A0C91BC942}") = "Storm-Logger", "Source\Storm-Logger\script\Storm-Logger.vcxproj", "{DA5BA977-37D5-4BD2-8269-E536B626DECB}"
EndProject
Project("{8BC9CEB8-8B4A-11D0-8D11-00A0C91BC942}") = "Storm-Physics", "Source\Storm-Physics\script\Storm-Physics.vcxproj", "{BC32BD4C-DB35-4923-8B99-0219BF111EAE}"
EndProject
Project("{2150E333-8FDC-42A3-9474-1A3956D46DE8}") = "Modules", "Modules", "{71FDD4FA-5CB7-4461-A3FD-A8818CF6C865}"
EndProject
Project("{8BC9CEB8-8B4A-11D0-8D11-00A0C91BC942}") = "Storm-Input", "Source\Storm-Input\script\Storm-Input.vcxproj", "{56149530-76D6-4940-A777-D7EFED353723}"
EndProject
Project("{8BC9CEB8-8B4A-11D0-8D11-00A0C91BC942}") = "Storm-Windows", "Source\Storm-Windows\script\Storm-Windows.vcxproj", "{0CA7DF04-32A0-4200-9D32-4CB257E47D98}"
EndProject
Project("{8BC9CEB8-8B4A-11D0-8D11-00A0C91BC942}") = "Storm-Misc", "Source\Storm-Misc\script\Storm-Misc.vcxproj", "{18A35B78-109A-4ABA-8658-AD746046A610}"
EndProject
Project("{8BC9CEB8-8B4A-11D0-8D11-00A0C91BC942}") = "Storm-Simulator", "Source\Storm-Simulator\script\Storm-Simulator.vcxproj", "{C115891C-7BDB-4A4C-B19C-24E39536A051}"
EndProject
Project("{2150E333-8FDC-42A3-9474-1A3956D46DE8}") = "Shaders", "Shaders", "{1C8BF644-7554-4E5E-96B0-D36429EA84F2}"
	ProjectSection(SolutionItems) = preProject
		Source\Shaders\BlowerDraw.hlsl = Source\Shaders\BlowerDraw.hlsl
		Source\Shaders\ConstraintsDraw.hlsl = Source\Shaders\ConstraintsDraw.hlsl
		Source\Shaders\Grid.hlsl = Source\Shaders\Grid.hlsl
		Source\Shaders\MeshDraw.hlsl = Source\Shaders\MeshDraw.hlsl
		Source\Shaders\ParticleDraw.hlsl = Source\Shaders\ParticleDraw.hlsl
	EndProjectSection
EndProject
Project("{8BC9CEB8-8B4A-11D0-8D11-00A0C91BC942}") = "Storm-Loader", "Source\Storm-Loader\script\Storm-Loader.vcxproj", "{F6BC64C2-F8CA-4BA9-84DA-69A4B78CCD09}"
EndProject
Project("{2150E333-8FDC-42A3-9474-1A3956D46DE8}") = "UnitTester", "UnitTester", "{9ACB8D28-162B-4B97-A55B-3360CBF1F8BC}"
EndProject
Project("{8BC9CEB8-8B4A-11D0-8D11-00A0C91BC942}") = "StormAutomation-Base", "Source\Automation\StormAutomation-Base\script\StormAutomation-Base.vcxproj", "{34740247-39FB-45D9-B11D-A7650D128B52}"
EndProject
Project("{8BC9CEB8-8B4A-11D0-8D11-00A0C91BC942}") = "StormAutomation-HelperTester", "Source\Automation\StormAutomation-HelperTester\script\StormAutomation-HelperTester.vcxproj", "{FDDA96C7-1A39-4709-919A-EFDB3CF7A126}"
EndProject
Project("{8BC9CEB8-8B4A-11D0-8D11-00A0C91BC942}") = "Storm-Space", "Source\Storm-Space\script\Storm-Space.vcxproj", "{BF9A69C6-F71F-4838-9EC9-1B63717EDDAC}"
EndProject
Project("{8BC9CEB8-8B4A-11D0-8D11-00A0C91BC942}") = "StormAutomation-ModelBaseTester", "Source\Automation\StormAutomation-ModelBaseTester\script\StormAutomation-ModelBaseTester.vcxproj", "{58D7C87A-DCB4-42DC-8575-4F416154F226}"
EndProject
Project("{8BC9CEB8-8B4A-11D0-8D11-00A0C91BC942}") = "Storm-Profiler", "Source\Storm-Profiler\script\Storm-Profiler.vcxproj", "{66664E96-F4E4-4C82-9B7B-A6E8CCD92069}"
EndProject
Project("{2150E333-8FDC-42A3-9474-1A3956D46DE8}") = "Repo", "Repo", "{F3761E77-B57B-4CCF-AF7F-C97830641E49}"
	ProjectSection(SolutionItems) = preProject
		README.md = README.md
	EndProjectSection
EndProject
Global
	GlobalSection(SolutionConfigurationPlatforms) = preSolution
		Debug|x64 = Debug|x64
		Release|x64 = Release|x64
	EndGlobalSection
	GlobalSection(ProjectConfigurationPlatforms) = postSolution
		{867025DB-4673-449F-886A-519879864D68}.Debug|x64.ActiveCfg = Debug|x64
		{867025DB-4673-449F-886A-519879864D68}.Debug|x64.Build.0 = Debug|x64
		{867025DB-4673-449F-886A-519879864D68}.Release|x64.ActiveCfg = Release|x64
		{867025DB-4673-449F-886A-519879864D68}.Release|x64.Build.0 = Release|x64
		{30709355-D527-4FAA-9C02-1F64129968E5}.Debug|x64.ActiveCfg = Debug|x64
		{30709355-D527-4FAA-9C02-1F64129968E5}.Debug|x64.Build.0 = Debug|x64
		{30709355-D527-4FAA-9C02-1F64129968E5}.Release|x64.ActiveCfg = Release|x64
		{30709355-D527-4FAA-9C02-1F64129968E5}.Release|x64.Build.0 = Release|x64
		{BB52FD96-F795-463D-8AD1-392B37344A7D}.Debug|x64.ActiveCfg = Debug|x64
		{BB52FD96-F795-463D-8AD1-392B37344A7D}.Debug|x64.Build.0 = Debug|x64
		{BB52FD96-F795-463D-8AD1-392B37344A7D}.Release|x64.ActiveCfg = Release|x64
		{BB52FD96-F795-463D-8AD1-392B37344A7D}.Release|x64.Build.0 = Release|x64
		{8004DF4F-E94E-4C58-8C6B-1042A461ED62}.Debug|x64.ActiveCfg = Debug|x64
		{8004DF4F-E94E-4C58-8C6B-1042A461ED62}.Debug|x64.Build.0 = Debug|x64
		{8004DF4F-E94E-4C58-8C6B-1042A461ED62}.Release|x64.ActiveCfg = Release|x64
		{8004DF4F-E94E-4C58-8C6B-1042A461ED62}.Release|x64.Build.0 = Release|x64
		{CC6DFC68-E28A-4C11-A168-FBE234335BC7}.Debug|x64.ActiveCfg = Debug|x64
		{CC6DFC68-E28A-4C11-A168-FBE234335BC7}.Debug|x64.Build.0 = Debug|x64
		{CC6DFC68-E28A-4C11-A168-FBE234335BC7}.Release|x64.ActiveCfg = Release|x64
		{CC6DFC68-E28A-4C11-A168-FBE234335BC7}.Release|x64.Build.0 = Release|x64
		{DA5BA977-37D5-4BD2-8269-E536B626DECB}.Debug|x64.ActiveCfg = Debug|x64
		{DA5BA977-37D5-4BD2-8269-E536B626DECB}.Debug|x64.Build.0 = Debug|x64
		{DA5BA977-37D5-4BD2-8269-E536B626DECB}.Release|x64.ActiveCfg = Release|x64
		{DA5BA977-37D5-4BD2-8269-E536B626DECB}.Release|x64.Build.0 = Release|x64
		{BC32BD4C-DB35-4923-8B99-0219BF111EAE}.Debug|x64.ActiveCfg = Debug|x64
		{BC32BD4C-DB35-4923-8B99-0219BF111EAE}.Debug|x64.Build.0 = Debug|x64
		{BC32BD4C-DB35-4923-8B99-0219BF111EAE}.Release|x64.ActiveCfg = Release|x64
		{BC32BD4C-DB35-4923-8B99-0219BF111EAE}.Release|x64.Build.0 = Release|x64
		{56149530-76D6-4940-A777-D7EFED353723}.Debug|x64.ActiveCfg = Debug|x64
		{56149530-76D6-4940-A777-D7EFED353723}.Debug|x64.Build.0 = Debug|x64
		{56149530-76D6-4940-A777-D7EFED353723}.Release|x64.ActiveCfg = Release|x64
		{56149530-76D6-4940-A777-D7EFED353723}.Release|x64.Build.0 = Release|x64
		{0CA7DF04-32A0-4200-9D32-4CB257E47D98}.Debug|x64.ActiveCfg = Debug|x64
		{0CA7DF04-32A0-4200-9D32-4CB257E47D98}.Debug|x64.Build.0 = Debug|x64
		{0CA7DF04-32A0-4200-9D32-4CB257E47D98}.Release|x64.ActiveCfg = Release|x64
		{0CA7DF04-32A0-4200-9D32-4CB257E47D98}.Release|x64.Build.0 = Release|x64
		{18A35B78-109A-4ABA-8658-AD746046A610}.Debug|x64.ActiveCfg = Debug|x64
		{18A35B78-109A-4ABA-8658-AD746046A610}.Debug|x64.Build.0 = Debug|x64
		{18A35B78-109A-4ABA-8658-AD746046A610}.Release|x64.ActiveCfg = Release|x64
		{18A35B78-109A-4ABA-8658-AD746046A610}.Release|x64.Build.0 = Release|x64
		{C115891C-7BDB-4A4C-B19C-24E39536A051}.Debug|x64.ActiveCfg = Debug|x64
		{C115891C-7BDB-4A4C-B19C-24E39536A051}.Debug|x64.Build.0 = Debug|x64
		{C115891C-7BDB-4A4C-B19C-24E39536A051}.Release|x64.ActiveCfg = Release|x64
		{C115891C-7BDB-4A4C-B19C-24E39536A051}.Release|x64.Build.0 = Release|x64
		{F6BC64C2-F8CA-4BA9-84DA-69A4B78CCD09}.Debug|x64.ActiveCfg = Debug|x64
		{F6BC64C2-F8CA-4BA9-84DA-69A4B78CCD09}.Debug|x64.Build.0 = Debug|x64
		{F6BC64C2-F8CA-4BA9-84DA-69A4B78CCD09}.Release|x64.ActiveCfg = Release|x64
		{F6BC64C2-F8CA-4BA9-84DA-69A4B78CCD09}.Release|x64.Build.0 = Release|x64
		{34740247-39FB-45D9-B11D-A7650D128B52}.Debug|x64.ActiveCfg = Debug|x64
		{34740247-39FB-45D9-B11D-A7650D128B52}.Debug|x64.Build.0 = Debug|x64
		{34740247-39FB-45D9-B11D-A7650D128B52}.Release|x64.ActiveCfg = Release|x64
		{34740247-39FB-45D9-B11D-A7650D128B52}.Release|x64.Build.0 = Release|x64
		{FDDA96C7-1A39-4709-919A-EFDB3CF7A126}.Debug|x64.ActiveCfg = Debug|x64
		{FDDA96C7-1A39-4709-919A-EFDB3CF7A126}.Debug|x64.Build.0 = Debug|x64
		{FDDA96C7-1A39-4709-919A-EFDB3CF7A126}.Release|x64.ActiveCfg = Release|x64
		{FDDA96C7-1A39-4709-919A-EFDB3CF7A126}.Release|x64.Build.0 = Release|x64
		{BF9A69C6-F71F-4838-9EC9-1B63717EDDAC}.Debug|x64.ActiveCfg = Debug|x64
		{BF9A69C6-F71F-4838-9EC9-1B63717EDDAC}.Debug|x64.Build.0 = Debug|x64
		{BF9A69C6-F71F-4838-9EC9-1B63717EDDAC}.Release|x64.ActiveCfg = Release|x64
		{BF9A69C6-F71F-4838-9EC9-1B63717EDDAC}.Release|x64.Build.0 = Release|x64
		{58D7C87A-DCB4-42DC-8575-4F416154F226}.Debug|x64.ActiveCfg = Debug|x64
		{58D7C87A-DCB4-42DC-8575-4F416154F226}.Debug|x64.Build.0 = Debug|x64
		{58D7C87A-DCB4-42DC-8575-4F416154F226}.Release|x64.ActiveCfg = Release|x64
		{58D7C87A-DCB4-42DC-8575-4F416154F226}.Release|x64.Build.0 = Release|x64
		{66664E96-F4E4-4C82-9B7B-A6E8CCD92069}.Debug|x64.ActiveCfg = Debug|x64
		{66664E96-F4E4-4C82-9B7B-A6E8CCD92069}.Debug|x64.Build.0 = Debug|x64
		{66664E96-F4E4-4C82-9B7B-A6E8CCD92069}.Release|x64.ActiveCfg = Release|x64
		{66664E96-F4E4-4C82-9B7B-A6E8CCD92069}.Release|x64.Build.0 = Release|x64
	EndGlobalSection
	GlobalSection(SolutionProperties) = preSolution
		HideSolutionNode = FALSE
	EndGlobalSection
	GlobalSection(NestedProjects) = preSolution
		{867025DB-4673-449F-886A-519879864D68} = {5F8ED569-4527-41D2-B165-276BDE4FA18E}
		{30709355-D527-4FAA-9C02-1F64129968E5} = {5F8ED569-4527-41D2-B165-276BDE4FA18E}
		{BB52FD96-F795-463D-8AD1-392B37344A7D} = {5F8ED569-4527-41D2-B165-276BDE4FA18E}
		{8004DF4F-E94E-4C58-8C6B-1042A461ED62} = {71FDD4FA-5CB7-4461-A3FD-A8818CF6C865}
		{CC6DFC68-E28A-4C11-A168-FBE234335BC7} = {71FDD4FA-5CB7-4461-A3FD-A8818CF6C865}
		{DA5BA977-37D5-4BD2-8269-E536B626DECB} = {71FDD4FA-5CB7-4461-A3FD-A8818CF6C865}
		{BC32BD4C-DB35-4923-8B99-0219BF111EAE} = {71FDD4FA-5CB7-4461-A3FD-A8818CF6C865}
		{71FDD4FA-5CB7-4461-A3FD-A8818CF6C865} = {5F8ED569-4527-41D2-B165-276BDE4FA18E}
		{56149530-76D6-4940-A777-D7EFED353723} = {71FDD4FA-5CB7-4461-A3FD-A8818CF6C865}
		{0CA7DF04-32A0-4200-9D32-4CB257E47D98} = {71FDD4FA-5CB7-4461-A3FD-A8818CF6C865}
		{18A35B78-109A-4ABA-8658-AD746046A610} = {71FDD4FA-5CB7-4461-A3FD-A8818CF6C865}
		{C115891C-7BDB-4A4C-B19C-24E39536A051} = {71FDD4FA-5CB7-4461-A3FD-A8818CF6C865}
		{F6BC64C2-F8CA-4BA9-84DA-69A4B78CCD09} = {71FDD4FA-5CB7-4461-A3FD-A8818CF6C865}
		{9ACB8D28-162B-4B97-A55B-3360CBF1F8BC} = {D7BAD75A-E0E9-4F26-B1A8-0E3A35B1D3C1}
		{34740247-39FB-45D9-B11D-A7650D128B52} = {D7BAD75A-E0E9-4F26-B1A8-0E3A35B1D3C1}
		{FDDA96C7-1A39-4709-919A-EFDB3CF7A126} = {9ACB8D28-162B-4B97-A55B-3360CBF1F8BC}
		{BF9A69C6-F71F-4838-9EC9-1B63717EDDAC} = {71FDD4FA-5CB7-4461-A3FD-A8818CF6C865}
		{58D7C87A-DCB4-42DC-8575-4F416154F226} = {9ACB8D28-162B-4B97-A55B-3360CBF1F8BC}
		{66664E96-F4E4-4C82-9B7B-A6E8CCD92069} = {71FDD4FA-5CB7-4461-A3FD-A8818CF6C865}
	EndGlobalSection
	GlobalSection(ExtensibilityGlobals) = postSolution
		SolutionGuid = {AC48B795-9776-4952-84E0-CE8AB938B72B}
	EndGlobalSection
EndGlobal
