<?xml version="1.0" encoding="utf-8"?>
<Project ToolsVersion="4.0" xmlns="http://schemas.microsoft.com/developer/msbuild/2003">
  <ItemGroup>
    <Filter Include="Source Files">
      <UniqueIdentifier>{4FC737F1-C7A5-4376-A066-2A32D752A2FF}</UniqueIdentifier>
      <Extensions>cpp;c;cc;cxx;c++;cppm;ixx;def;odl;idl;hpj;bat;asm;asmx</Extensions>
    </Filter>
    <Filter Include="Header Files">
      <UniqueIdentifier>{93995380-89BD-4b04-88EB-625FBE52EBFB}</UniqueIdentifier>
      <Extensions>h;hh;hpp;hxx;h++;hm;inl;inc;ipp;xsd</Extensions>
    </Filter>
    <Filter Include="Resource Files">
      <UniqueIdentifier>{67DA6AB6-F800-4c08-8B7A-83BB121AAD01}</UniqueIdentifier>
      <Extensions>rc;ico;cur;bmp;dlg;rc2;rct;bin;rgs;gif;jpg;jpeg;jpe;resx;tiff;tif;png;wav;mfcribbon-ms</Extensions>
    </Filter>
    <Filter Include="Header Files\Packager">
      <UniqueIdentifier>{1ba4da1f-212c-4c91-94ab-9de2e6f08007}</UniqueIdentifier>
    </Filter>
    <Filter Include="Source Files\Packager">
      <UniqueIdentifier>{579ffdb1-72d5-412c-aea7-1574f47c346c}</UniqueIdentifier>
    </Filter>
    <Filter Include="Header Files\Config">
      <UniqueIdentifier>{eaa5ca6b-3801-4b2d-9cb3-38e08550aaf2}</UniqueIdentifier>
    </Filter>
    <Filter Include="Source Files\Config">
      <UniqueIdentifier>{fef7b68a-0400-48f5-8fef-96dfa2166f86}</UniqueIdentifier>
    </Filter>
    <Filter Include="Header Files\Packager\Logic">
      <UniqueIdentifier>{fb6754ef-090b-4611-9291-bd4cb0224fc8}</UniqueIdentifier>
    </Filter>
    <Filter Include="Source Files\Packager\Logic">
      <UniqueIdentifier>{f408357f-a687-475b-a0d8-5fdf0c6bbab4}</UniqueIdentifier>
    </Filter>
    <Filter Include="Header Files\Logger">
      <UniqueIdentifier>{16d40687-7804-4cc7-aea6-87b46ad7408e}</UniqueIdentifier>
    </Filter>
    <Filter Include="Source Files\LoggerManager">
      <UniqueIdentifier>{1ad0e4e9-3e3a-43fa-bebb-724ee454f85c}</UniqueIdentifier>
    </Filter>
    <Filter Include="Source Files\Helper">
      <UniqueIdentifier>{ce753c2e-3ff0-4830-ac41-2ccefac67ca4}</UniqueIdentifier>
    </Filter>
    <Filter Include="Header Files\Helper">
      <UniqueIdentifier>{b75be6fa-10bb-4c22-96ff-2ee3f724d675}</UniqueIdentifier>
    </Filter>
    <Filter Include="Header Files\General">
      <UniqueIdentifier>{39f74335-f6a5-4468-ae06-4b650f04e6d6}</UniqueIdentifier>
    </Filter>
    <Filter Include="Source Files\General">
      <UniqueIdentifier>{aa460a81-f7df-4e32-9dd1-7cd7d17d0162}</UniqueIdentifier>
    </Filter>
  </ItemGroup>
  <ItemGroup>
    <ClCompile Include="..\include\Storm-Packager.cpp">
      <Filter>Source Files</Filter>
    </ClCompile>
    <ClCompile Include="..\include\Storm-PackagerPCH.cpp">
      <Filter>Source Files</Filter>
    </ClCompile>
    <ClCompile Include="..\include\Application.cpp">
      <Filter>Source Files</Filter>
    </ClCompile>
    <ClCompile Include="..\include\ConfigManager.cpp">
      <Filter>Source Files\Config</Filter>
    </ClCompile>
    <ClCompile Include="..\include\PackagerManager.cpp">
      <Filter>Source Files\Packager</Filter>
    </ClCompile>
    <ClCompile Include="..\include\LoggerManager.cpp">
      <Filter>Source Files\LoggerManager</Filter>
    </ClCompile>
    <ClCompile Include="..\include\PackagerHelper.cpp">
      <Filter>Source Files\Helper</Filter>
    </ClCompile>
    <ClCompile Include="..\include\CopierTask.cpp">
      <Filter>Source Files\Packager\Logic</Filter>
    </ClCompile>
    <ClCompile Include="..\include\CleanTask.cpp">
      <Filter>Source Files\Packager\Logic</Filter>
    </ClCompile>
    <ClCompile Include="..\include\ZipperTask.cpp">
      <Filter>Source Files\Packager\Logic</Filter>
    </ClCompile>
    <ClCompile Include="..\include\BuildManager.cpp">
      <Filter>Source Files\General</Filter>
    </ClCompile>
    <ClCompile Include="..\include\BuildProcess.cpp">
      <Filter>Source Files\General</Filter>
    </ClCompile>
    <ClCompile Include="..\include\ExecHelper.cpp">
      <Filter>Source Files\Helper</Filter>
    </ClCompile>
  </ItemGroup>
  <ItemGroup>
    <ClInclude Include="..\include\Storm-PackagerPCH.h">
      <Filter>Header Files</Filter>
    </ClInclude>
    <ClInclude Include="..\include\Application.h">
      <Filter>Header Files</Filter>
    </ClInclude>
    <ClInclude Include="..\include\ConfigManager.h">
      <Filter>Header Files\Config</Filter>
    </ClInclude>
    <ClInclude Include="..\include\PackagerManager.h">
      <Filter>Header Files\Packager</Filter>
    </ClInclude>
    <ClInclude Include="..\include\LoggerManager.h">
      <Filter>Header Files\Logger</Filter>
    </ClInclude>
    <ClInclude Include="..\include\PackagerHelper.h">
      <Filter>Header Files\Helper</Filter>
    </ClInclude>
    <ClInclude Include="..\include\CleanTask.h">
      <Filter>Header Files\Packager\Logic</Filter>
    </ClInclude>
    <ClInclude Include="..\include\ZipperTask.h">
      <Filter>Header Files\Packager\Logic</Filter>
    </ClInclude>
    <ClInclude Include="..\include\CopierTask.h">
      <Filter>Header Files\Packager\Logic</Filter>
    </ClInclude>
    <ClInclude Include="..\include\ITaskLogic.h">
      <Filter>Header Files\Packager\Logic</Filter>
    </ClInclude>
    <ClInclude Include="..\include\BuildManager.h">
      <Filter>Header Files\General</Filter>
    </ClInclude>
    <ClInclude Include="..\include\BuildProcess.h">
      <Filter>Header Files\General</Filter>
    </ClInclude>
    <ClInclude Include="..\include\ExecHelper.h">
      <Filter>Header Files\Helper</Filter>
    </ClInclude>
  </ItemGroup>
</Project>