<?xml version="1.0" encoding="utf-8"?>
<Project ToolsVersion="4.0" xmlns="http://schemas.microsoft.com/developer/msbuild/2003">
  <ItemGroup>
    <Filter Include="Source Files">
      <UniqueIdentifier>{4FC737F1-C7A5-4376-A066-2A32D752A2FF}</UniqueIdentifier>
      <Extensions>cpp;c;cc;cxx;c++;def;odl;idl;hpj;bat;asm;asmx</Extensions>
    </Filter>
    <Filter Include="Header Files">
      <UniqueIdentifier>{93995380-89BD-4b04-88EB-625FBE52EBFB}</UniqueIdentifier>
      <Extensions>h;hh;hpp;hxx;h++;hm;inl;inc;ipp;xsd</Extensions>
    </Filter>
    <Filter Include="Resource Files">
      <UniqueIdentifier>{67DA6AB6-F800-4c08-8B7A-83BB121AAD01}</UniqueIdentifier>
      <Extensions>rc;ico;cur;bmp;dlg;rc2;rct;bin;rgs;gif;jpg;jpeg;jpe;resx;tiff;tif;png;wav;mfcribbon-ms</Extensions>
    </Filter>
    <Filter Include="Source Files\DirectX">
      <UniqueIdentifier>{9bb66818-d7f1-4528-b065-1e6c605520b7}</UniqueIdentifier>
    </Filter>
    <Filter Include="Header Files\DirectX">
      <UniqueIdentifier>{4a94e626-1ff3-4635-9b8f-63d99a21caa8}</UniqueIdentifier>
    </Filter>
    <Filter Include="Header Files\GraphicComponent">
      <UniqueIdentifier>{ebb14b5a-d135-4b5e-bbc1-ce87e59a39bc}</UniqueIdentifier>
    </Filter>
    <Filter Include="Source Files\GraphicComponent">
      <UniqueIdentifier>{c5f4c702-6f26-4ab5-974b-80c1037db0f6}</UniqueIdentifier>
    </Filter>
    <Filter Include="Header Files\Shaders">
      <UniqueIdentifier>{0926fd92-833d-49bc-be2f-5bc62a6d2eb3}</UniqueIdentifier>
    </Filter>
    <Filter Include="Source Files\Shaders">
      <UniqueIdentifier>{5426c407-b8b6-426b-97ca-580959c2324a}</UniqueIdentifier>
    </Filter>
    <Filter Include="Header Files\DirectX\Helper">
      <UniqueIdentifier>{ad3b4304-0ec9-48bb-b157-805cb2e5e13d}</UniqueIdentifier>
    </Filter>
    <Filter Include="Header Files\Rendered">
      <UniqueIdentifier>{e03fab55-dde3-4532-b132-60a73ba6d1ea}</UniqueIdentifier>
    </Filter>
    <Filter Include="Source Files\Rendered">
      <UniqueIdentifier>{9fe267cf-73fb-4c73-8dc6-abd951b2d618}</UniqueIdentifier>
    </Filter>
    <Filter Include="Source Files\Shaders\Base">
      <UniqueIdentifier>{8bb7122f-f097-412b-a46c-15e3ca12437a}</UniqueIdentifier>
    </Filter>
    <Filter Include="Source Files\Shaders\Component">
      <UniqueIdentifier>{28607994-c337-4b21-bf7b-e36a16869764}</UniqueIdentifier>
    </Filter>
    <Filter Include="Header Files\Shaders\Base">
      <UniqueIdentifier>{ad56a480-dfa9-4af3-89bf-c299ca1fcbec}</UniqueIdentifier>
    </Filter>
    <Filter Include="Header Files\Shaders\Component">
      <UniqueIdentifier>{b7d74502-69ef-4ffc-a7c3-c857b89ba8cd}</UniqueIdentifier>
    </Filter>
    <Filter Include="Source Files\DirectX\Helper">
      <UniqueIdentifier>{19d65fe9-5db2-4476-ad7e-a7254a8dba9b}</UniqueIdentifier>
    </Filter>
  </ItemGroup>
  <ItemGroup>
    <ClCompile Include="..\include\Storm-GraphicsPCH.cpp">
      <Filter>Source Files</Filter>
    </ClCompile>
    <ClCompile Include="..\include\DirectXController.cpp">
      <Filter>Source Files\DirectX</Filter>
    </ClCompile>
    <ClCompile Include="..\include\GraphicManager.cpp">
      <Filter>Source Files\GraphicComponent</Filter>
    </ClCompile>
    <ClCompile Include="..\include\Camera.cpp">
      <Filter>Source Files\GraphicComponent</Filter>
    </ClCompile>
    <ClCompile Include="..\include\DirectXHardwareInfo.cpp">
      <Filter>Source Files\DirectX</Filter>
    </ClCompile>
    <ClCompile Include="..\include\Grid.cpp">
      <Filter>Source Files\Rendered</Filter>
    </ClCompile>
    <ClCompile Include="..\include\GraphicRigidBody.cpp">
      <Filter>Source Files\Rendered</Filter>
    </ClCompile>
    <ClCompile Include="..\include\GraphicParticleSystem.cpp">
      <Filter>Source Files\Rendered</Filter>
    </ClCompile>
    <ClCompile Include="..\include\VPShader.cpp">
      <Filter>Source Files\Shaders\Base</Filter>
    </ClCompile>
    <ClCompile Include="..\include\ShaderManager.cpp">
      <Filter>Source Files\Shaders</Filter>
    </ClCompile>
    <ClCompile Include="..\include\ParticleShader.cpp">
      <Filter>Source Files\Shaders\Component</Filter>
    </ClCompile>
    <ClCompile Include="..\include\GridShader.cpp">
      <Filter>Source Files\Shaders\Component</Filter>
    </ClCompile>
    <ClCompile Include="..\include\MeshShader.cpp">
      <Filter>Source Files\Shaders\Component</Filter>
    </ClCompile>
    <ClCompile Include="..\include\GraphicParticleData.cpp">
      <Filter>Source Files\GraphicComponent</Filter>
    </ClCompile>
    <ClCompile Include="..\include\BlowerShader.cpp">
      <Filter>Source Files\Shaders\Component</Filter>
    </ClCompile>
    <ClCompile Include="..\include\XMStormHelpers.cpp">
      <Filter>Source Files\DirectX\Helper</Filter>
    </ClCompile>
    <ClCompile Include="..\include\GraphicBlower.cpp">
      <Filter>Source Files\Rendered</Filter>
    </ClCompile>
    <ClCompile Include="..\include\GraphicConstraintSystem.cpp">
      <Filter>Source Files\Rendered</Filter>
    </ClCompile>
    <ClCompile Include="..\include\ConstraintShader.cpp">
      <Filter>Source Files\Shaders\Component</Filter>
    </ClCompile>
  </ItemGroup>
  <ItemGroup>
    <ClInclude Include="..\include\Storm-GraphicsPCH.h">
      <Filter>Header Files</Filter>
    </ClInclude>
    <ClInclude Include="..\include\DirectXController.h">
      <Filter>Header Files\DirectX</Filter>
    </ClInclude>
    <ClInclude Include="..\include\GraphicManager.h">
      <Filter>Header Files\GraphicComponent</Filter>
    </ClInclude>
    <ClInclude Include="..\include\Camera.h">
      <Filter>Header Files\GraphicComponent</Filter>
    </ClInclude>
    <ClInclude Include="..\include\ShaderManager.h">
      <Filter>Header Files\Shaders</Filter>
    </ClInclude>
    <ClInclude Include="..\include\ThrowIfFailed.h">
      <Filter>Header Files\DirectX\Helper</Filter>
    </ClInclude>
    <ClInclude Include="..\include\DirectXHardwareInfo.h">
      <Filter>Header Files\DirectX</Filter>
    </ClInclude>
    <ClInclude Include="..\include\XMStormHelpers.h">
      <Filter>Header Files\DirectX\Helper</Filter>
    </ClInclude>
    <ClInclude Include="..\include\Grid.h">
      <Filter>Header Files\Rendered</Filter>
    </ClInclude>
    <ClInclude Include="..\include\GraphicRigidBody.h">
      <Filter>Header Files\Rendered</Filter>
    </ClInclude>
    <ClInclude Include="..\include\GraphicParticleSystem.h">
      <Filter>Header Files\Rendered</Filter>
    </ClInclude>
    <ClInclude Include="..\include\IRenderedElement.h">
      <Filter>Header Files\GraphicComponent</Filter>
    </ClInclude>
    <ClInclude Include="..\include\VPShader.h">
      <Filter>Header Files\Shaders\Base</Filter>
    </ClInclude>
    <ClInclude Include="..\include\ParticleShader.h">
      <Filter>Header Files\Shaders\Component</Filter>
    </ClInclude>
    <ClInclude Include="..\include\GridShader.h">
      <Filter>Header Files\Shaders\Component</Filter>
    </ClInclude>
    <ClInclude Include="..\include\MeshShader.h">
      <Filter>Header Files\Shaders\Component</Filter>
    </ClInclude>
    <ClInclude Include="..\include\ConstantBufferHolder.h">
      <Filter>Header Files\Shaders\Base</Filter>
    </ClInclude>
    <ClInclude Include="..\include\GraphicParticleData.h">
      <Filter>Header Files\GraphicComponent</Filter>
    </ClInclude>
    <ClInclude Include="..\include\RenderModeState.h">
      <Filter>Header Files\GraphicComponent</Filter>
    </ClInclude>
    <ClInclude Include="..\include\GraphicParticleSystemModality.h">
      <Filter>Header Files\GraphicComponent</Filter>
    </ClInclude>
    <ClInclude Include="..\include\BlowerShader.h">
      <Filter>Header Files\Shaders\Component</Filter>
    </ClInclude>
    <ClInclude Include="..\include\GraphicBlower.h">
      <Filter>Header Files\Rendered</Filter>
    </ClInclude>
    <ClInclude Include="..\include\GraphicConstraintSystem.h">
      <Filter>Header Files\Rendered</Filter>
    </ClInclude>
    <ClInclude Include="..\include\ConstraintShader.h">
      <Filter>Header Files\Shaders\Component</Filter>
    </ClInclude>
  </ItemGroup>
</Project>