<?xml version="1.0" encoding="utf-8"?>
<Project ToolsVersion="4.0" xmlns="http://schemas.microsoft.com/developer/msbuild/2003">
  <ItemGroup>
    <Filter Include="Source Files">
      <UniqueIdentifier>{4FC737F1-C7A5-4376-A066-2A32D752A2FF}</UniqueIdentifier>
      <Extensions>cpp;c;cc;cxx;c++;def;odl;idl;hpj;bat;asm;asmx</Extensions>
    </Filter>
    <Filter Include="Header Files">
      <UniqueIdentifier>{93995380-89BD-4b04-88EB-625FBE52EBFB}</UniqueIdentifier>
      <Extensions>h;hh;hpp;hxx;h++;hm;inl;inc;ipp;xsd</Extensions>
    </Filter>
    <Filter Include="Resource Files">
      <UniqueIdentifier>{67DA6AB6-F800-4c08-8B7A-83BB121AAD01}</UniqueIdentifier>
      <Extensions>rc;ico;cur;bmp;dlg;rc2;rct;bin;rgs;gif;jpg;jpeg;jpe;resx;tiff;tif;png;wav;mfcribbon-ms</Extensions>
    </Filter>
    <Filter Include="Header Files\Lua">
      <UniqueIdentifier>{791c79bb-2496-448c-8a78-e9db73ca2fe0}</UniqueIdentifier>
    </Filter>
    <Filter Include="Source Files\Lua">
      <UniqueIdentifier>{f9baf656-d5f5-4c51-ad8c-926c6f33b936}</UniqueIdentifier>
    </Filter>
    <Filter Include="Header Files\General">
      <UniqueIdentifier>{4cd34c98-1dec-4842-a93e-8a92b0b7a3dc}</UniqueIdentifier>
    </Filter>
    <Filter Include="Source Files\General">
      <UniqueIdentifier>{87f3ad97-7a02-4956-a890-081f72a0f88b}</UniqueIdentifier>
    </Filter>
    <Filter Include="Header Files\Command">
      <UniqueIdentifier>{c7930772-3f9f-453a-a23e-102427fcd481}</UniqueIdentifier>
    </Filter>
    <Filter Include="Source Files\Command">
      <UniqueIdentifier>{298f91f2-2cfb-4eaa-ac78-c646c7a471b2}</UniqueIdentifier>
    </Filter>
  </ItemGroup>
  <ItemGroup>
    <ClCompile Include="..\include\Storm-ScriptPCH.cpp">
      <Filter>Source Files</Filter>
    </ClCompile>
    <ClCompile Include="..\include\ScriptManager.cpp">
      <Filter>Source Files\General</Filter>
    </ClCompile>
    <ClCompile Include="..\include\ScriptFile.cpp">
      <Filter>Source Files\General</Filter>
    </ClCompile>
    <ClCompile Include="..\include\LuaScriptWrapper.cpp">
      <Filter>Source Files\Lua</Filter>
    </ClCompile>
    <ClCompile Include="..\include\CommandParser.cpp">
      <Filter>Source Files\Command</Filter>
    </ClCompile>
  </ItemGroup>
  <ItemGroup>
    <ClInclude Include="..\include\Storm-ScriptPCH.h">
      <Filter>Header Files</Filter>
    </ClInclude>
    <ClInclude Include="..\include\ScriptManager.h">
      <Filter>Header Files\General</Filter>
    </ClInclude>
    <ClInclude Include="..\include\ScriptFile.h">
      <Filter>Header Files\General</Filter>
    </ClInclude>
    <ClInclude Include="..\include\LuaScriptWrapper.h">
      <Filter>Header Files\Lua</Filter>
    </ClInclude>
    <ClInclude Include="..\include\Inheritance.h">
      <Filter>Header Files\General</Filter>
    </ClInclude>
    <ClInclude Include="..\include\CommandParser.h">
      <Filter>Header Files\Command</Filter>
    </ClInclude>
    <ClInclude Include="..\include\CommandItem.h">
      <Filter>Header Files\Command</Filter>
    </ClInclude>
    <ClInclude Include="..\include\CommandKeyword.h">
      <Filter>Header Files\Command</Filter>
    </ClInclude>
  </ItemGroup>
</Project>