<?xml version="1.0" encoding="utf-8"?>
<Project ToolsVersion="4.0" xmlns="http://schemas.microsoft.com/developer/msbuild/2003">
  <ItemGroup>
    <Filter Include="Source Files">
      <UniqueIdentifier>{4FC737F1-C7A5-4376-A066-2A32D752A2FF}</UniqueIdentifier>
      <Extensions>cpp;c;cc;cxx;c++;def;odl;idl;hpj;bat;asm;asmx</Extensions>
    </Filter>
    <Filter Include="Header Files">
      <UniqueIdentifier>{93995380-89BD-4b04-88EB-625FBE52EBFB}</UniqueIdentifier>
      <Extensions>h;hh;hpp;hxx;h++;hm;inl;inc;ipp;xsd</Extensions>
    </Filter>
    <Filter Include="Resource Files">
      <UniqueIdentifier>{67DA6AB6-F800-4c08-8B7A-83BB121AAD01}</UniqueIdentifier>
      <Extensions>rc;ico;cur;bmp;dlg;rc2;rct;bin;rgs;gif;jpg;jpeg;jpe;resx;tiff;tif;png;wav;mfcribbon-ms</Extensions>
    </Filter>
    <Filter Include="Header Files\Memory">
      <UniqueIdentifier>{8720d779-3ece-4eae-afeb-4755a81b652a}</UniqueIdentifier>
    </Filter>
    <Filter Include="Header Files\Freeze">
      <UniqueIdentifier>{3028b1c8-daa2-4b63-9b1a-1f5bc162ef0b}</UniqueIdentifier>
    </Filter>
    <Filter Include="Source Files\Memory">
      <UniqueIdentifier>{388ddb4d-7a43-4d6c-9e18-778222909616}</UniqueIdentifier>
    </Filter>
    <Filter Include="Source Files\Freeze">
      <UniqueIdentifier>{0b0e6dba-c059-449f-b8ea-cc2b5c641818}</UniqueIdentifier>
    </Filter>
    <Filter Include="Header Files\Helpers">
      <UniqueIdentifier>{fac979b6-677c-4c10-8fa5-3de0d6c1308c}</UniqueIdentifier>
    </Filter>
    <Filter Include="Source Files\Helpers">
      <UniqueIdentifier>{1ad86a36-6af3-4be2-9ca1-902eabe09b35}</UniqueIdentifier>
    </Filter>
  </ItemGroup>
  <ItemGroup>
    <ClCompile Include="..\include\Storm-SafetyPCH.cpp">
      <Filter>Source Files</Filter>
    </ClCompile>
    <ClCompile Include="..\include\SafetyManager.cpp">
      <Filter>Source Files</Filter>
    </ClCompile>
    <ClCompile Include="..\include\MemoryWatcher.cpp">
      <Filter>Source Files\Memory</Filter>
    </ClCompile>
    <ClCompile Include="..\include\FreezeWatcher.cpp">
      <Filter>Source Files\Freeze</Filter>
    </ClCompile>
    <ClCompile Include="..\include\SafetyHelpers.cpp">
      <Filter>Source Files\Helpers</Filter>
    </ClCompile>
  </ItemGroup>
  <ItemGroup>
    <ClInclude Include="..\include\Storm-SafetyPCH.h">
      <Filter>Header Files</Filter>
    </ClInclude>
    <ClInclude Include="..\include\SafetyManager.h">
      <Filter>Header Files</Filter>
    </ClInclude>
    <ClInclude Include="..\include\MemoryWatcher.h">
      <Filter>Header Files\Memory</Filter>
    </ClInclude>
    <ClInclude Include="..\include\FreezeWatcher.h">
      <Filter>Header Files\Freeze</Filter>
    </ClInclude>
    <ClInclude Include="..\include\SafetyHelpers.h">
      <Filter>Header Files\Helpers</Filter>
    </ClInclude>
  </ItemGroup>
</Project>