<?xml version="1.0" encoding="utf-8"?>
<Project ToolsVersion="4.0" xmlns="http://schemas.microsoft.com/developer/msbuild/2003">
  <ItemGroup>
    <Filter Include="Source Files">
      <UniqueIdentifier>{4FC737F1-C7A5-4376-A066-2A32D752A2FF}</UniqueIdentifier>
      <Extensions>cpp;c;cc;cxx;c++;def;odl;idl;hpj;bat;asm;asmx</Extensions>
    </Filter>
    <Filter Include="Header Files">
      <UniqueIdentifier>{93995380-89BD-4b04-88EB-625FBE52EBFB}</UniqueIdentifier>
      <Extensions>h;hh;hpp;hxx;h++;hm;inl;inc;ipp;xsd</Extensions>
    </Filter>
    <Filter Include="Resource Files">
      <UniqueIdentifier>{67DA6AB6-F800-4c08-8B7A-83BB121AAD01}</UniqueIdentifier>
      <Extensions>rc;ico;cur;bmp;dlg;rc2;rct;bin;rgs;gif;jpg;jpeg;jpe;resx;tiff;tif;png;wav;mfcribbon-ms</Extensions>
    </Filter>
    <Filter Include="Header Files\Web">
      <UniqueIdentifier>{68c44743-5281-4ea8-9b80-ff72776ad40e}</UniqueIdentifier>
    </Filter>
    <Filter Include="Source Files\Web">
      <UniqueIdentifier>{df7f14a7-61a9-4b2b-9c85-cec475bee3f0}</UniqueIdentifier>
    </Filter>
    <Filter Include="Header Files\Network">
      <UniqueIdentifier>{0840e71d-9b97-4957-9cef-bae688955fd2}</UniqueIdentifier>
    </Filter>
    <Filter Include="Source Files\Network">
      <UniqueIdentifier>{90e2e401-36cc-443b-98e3-2e6d2ab5466e}</UniqueIdentifier>
    </Filter>
    <Filter Include="Header Files\Network\General">
      <UniqueIdentifier>{cf324af7-c963-4a78-91a1-07d13bb9ea79}</UniqueIdentifier>
    </Filter>
    <Filter Include="Source Files\Network\General">
      <UniqueIdentifier>{f43ee3d1-61b2-48b6-9782-84663643b579}</UniqueIdentifier>
    </Filter>
    <Filter Include="Header Files\Network\General\TCP">
      <UniqueIdentifier>{4f4332b3-dea5-4a39-9794-93630665c246}</UniqueIdentifier>
    </Filter>
  </ItemGroup>
  <ItemGroup>
    <ClCompile Include="..\include\Storm-NetworkPCH.cpp">
      <Filter>Source Files</Filter>
    </ClCompile>
    <ClCompile Include="..\include\WebManager.cpp">
      <Filter>Source Files\Web</Filter>
    </ClCompile>
    <ClCompile Include="..\include\NetworkManager.cpp">
      <Filter>Source Files\Network</Filter>
    </ClCompile>
    <ClCompile Include="..\include\NetworkCore.cpp">
      <Filter>Source Files\Network\General</Filter>
    </ClCompile>
  </ItemGroup>
  <ItemGroup>
    <ClInclude Include="..\include\Storm-NetworkPCH.h">
      <Filter>Header Files</Filter>
    </ClInclude>
    <ClInclude Include="..\include\WebManager.h">
      <Filter>Header Files\Web</Filter>
    </ClInclude>
    <ClInclude Include="..\include\NetworkManager.h">
      <Filter>Header Files\Network</Filter>
    </ClInclude>
    <ClInclude Include="..\include\NetworkCore.h">
      <Filter>Header Files\Network\General</Filter>
    </ClInclude>
    <ClInclude Include="..\include\ITCPClient.h">
      <Filter>Header Files\Network\General\TCP</Filter>
    </ClInclude>
  </ItemGroup>
</Project>