<?xml version="1.0" encoding="utf-8"?>
<Project ToolsVersion="4.0" xmlns="http://schemas.microsoft.com/developer/msbuild/2003">
  <ItemGroup>
    <Filter Include="Source Files">
      <UniqueIdentifier>{4FC737F1-C7A5-4376-A066-2A32D752A2FF}</UniqueIdentifier>
      <Extensions>cpp;c;cc;cxx;c++;def;odl;idl;hpj;bat;asm;asmx</Extensions>
    </Filter>
    <Filter Include="Header Files">
      <UniqueIdentifier>{93995380-89BD-4b04-88EB-625FBE52EBFB}</UniqueIdentifier>
      <Extensions>h;hh;hpp;hxx;h++;hm;inl;inc;ipp;xsd</Extensions>
    </Filter>
    <Filter Include="Resource Files">
      <UniqueIdentifier>{67DA6AB6-F800-4c08-8B7A-83BB121AAD01}</UniqueIdentifier>
      <Extensions>rc;ico;cur;bmp;dlg;rc2;rct;bin;rgs;gif;jpg;jpeg;jpe;resx;tiff;tif;png;wav;mfcribbon-ms</Extensions>
    </Filter>
    <Filter Include="Header Files\Singleton">
      <UniqueIdentifier>{085616b2-875d-4356-8323-774c4dfe2c2f}</UniqueIdentifier>
    </Filter>
    <Filter Include="Header Files\Input">
      <UniqueIdentifier>{5fb650ab-a0a2-436d-9718-561c220b7710}</UniqueIdentifier>
    </Filter>
    <Filter Include="Header Files\Time">
      <UniqueIdentifier>{9c849229-55f2-4d20-b427-37d2361b3a7b}</UniqueIdentifier>
    </Filter>
    <Filter Include="Header Files\Events">
      <UniqueIdentifier>{530b1741-32b1-4a2c-9d4a-0d2826540f53}</UniqueIdentifier>
    </Filter>
    <Filter Include="Header Files\Config">
      <UniqueIdentifier>{d00a5300-7080-48d9-8adc-77818e645a1f}</UniqueIdentifier>
    </Filter>
    <Filter Include="Header Files\General">
      <UniqueIdentifier>{ed75b67c-0355-4bad-9046-25694bb7d10a}</UniqueIdentifier>
    </Filter>
    <Filter Include="Header Files\Config\Includes">
      <UniqueIdentifier>{99538e86-e5c4-48b7-8aed-eae5c4a90863}</UniqueIdentifier>
    </Filter>
    <Filter Include="Source Files\Config">
      <UniqueIdentifier>{9a6ef5c9-1c47-495d-9141-da83b385ba0a}</UniqueIdentifier>
    </Filter>
    <Filter Include="Header Files\Simulation">
      <UniqueIdentifier>{f59f1462-4c13-491b-9f1e-a856e5df2683}</UniqueIdentifier>
    </Filter>
    <Filter Include="Header Files\Simulation\RigidBodies">
      <UniqueIdentifier>{1fc22d48-249a-463a-91bd-786a73e954c1}</UniqueIdentifier>
    </Filter>
    <Filter Include="Header Files\Physics">
      <UniqueIdentifier>{7dcf50cd-783d-4bed-aa55-40ea3f119cd7}</UniqueIdentifier>
    </Filter>
    <Filter Include="Source Files\Simulation">
      <UniqueIdentifier>{52d2bcff-4bef-42e2-ae60-dba40a77b293}</UniqueIdentifier>
    </Filter>
    <Filter Include="Source Files\Simulation\RigidBodies">
      <UniqueIdentifier>{3de21183-a2e9-40db-a556-038d2b3cbf9b}</UniqueIdentifier>
    </Filter>
    <Filter Include="Header Files\Threading">
      <UniqueIdentifier>{c259ba52-6040-4e3a-9aeb-b63b130a7c16}</UniqueIdentifier>
    </Filter>
  </ItemGroup>
  <ItemGroup>
    <ClCompile Include="..\include\Storm-ModelBasePCH.cpp">
      <Filter>Source Files</Filter>
    </ClCompile>
    <ClCompile Include="..\include\SceneData.cpp">
      <Filter>Source Files\Config</Filter>
    </ClCompile>
    <ClCompile Include="..\include\RigidBodyHolder.cpp">
      <Filter>Source Files\Simulation\RigidBodies</Filter>
    </ClCompile>
  </ItemGroup>
  <ItemGroup>
    <ClInclude Include="..\include\Storm-ModelBasePCH.h">
      <Filter>Header Files</Filter>
    </ClInclude>
    <ClInclude Include="..\include\IConfigManager.h">
      <Filter>Header Files\Singleton</Filter>
    </ClInclude>
    <ClInclude Include="..\include\IGraphicsManager.h">
      <Filter>Header Files\Singleton</Filter>
    </ClInclude>
    <ClInclude Include="..\include\IPhysicsManager.h">
      <Filter>Header Files\Singleton</Filter>
    </ClInclude>
    <ClInclude Include="..\include\IInputManager.h">
      <Filter>Header Files\Singleton</Filter>
    </ClInclude>
    <ClInclude Include="..\include\IWindowsManager.h">
      <Filter>Header Files\Singleton</Filter>
    </ClInclude>
    <ClInclude Include="..\include\IOSManager.h">
      <Filter>Header Files\Singleton</Filter>
    </ClInclude>
    <ClInclude Include="..\include\IRandomManager.h">
      <Filter>Header Files\Singleton</Filter>
    </ClInclude>
    <ClInclude Include="..\include\ITimeManager.h">
      <Filter>Header Files\Singleton</Filter>
    </ClInclude>
    <ClInclude Include="..\include\TimeWaitResult.h">
      <Filter>Header Files\Time</Filter>
    </ClInclude>
    <ClInclude Include="..\include\ISimulatorManager.h">
      <Filter>Header Files\Singleton</Filter>
    </ClInclude>
    <ClInclude Include="..\include\WindowsCallbacks.h">
      <Filter>Header Files\Events</Filter>
    </ClInclude>
    <ClInclude Include="..\include\InputEvents.h">
      <Filter>Header Files\Input</Filter>
    </ClInclude>
    <ClInclude Include="..\include\RigidBodySceneData.h">
      <Filter>Header Files\Config</Filter>
    </ClInclude>
    <ClInclude Include="..\include\Vector3.h">
      <Filter>Header Files\General</Filter>
    </ClInclude>
    <ClInclude Include="..\include\StormPrerequisite.h">
      <Filter>Header Files</Filter>
    </ClInclude>
    <ClInclude Include="..\include\SceneData.h">
      <Filter>Header Files\Config</Filter>
    </ClInclude>
    <ClInclude Include="..\include\DataIncludes.h">
      <Filter>Header Files\Config\Includes</Filter>
    </ClInclude>
    <ClInclude Include="..\include\GraphicData.h">
      <Filter>Header Files\Config</Filter>
    </ClInclude>
    <ClInclude Include="..\include\IShaderManager.h">
      <Filter>Header Files\Singleton</Filter>
    </ClInclude>
    <ClInclude Include="..\include\IAssetLoaderManager.h">
      <Filter>Header Files\Singleton</Filter>
    </ClInclude>
    <ClInclude Include="..\include\IRigidBody.h">
      <Filter>Header Files\Simulation\RigidBodies</Filter>
    </ClInclude>
    <ClInclude Include="..\include\CollisionType.h">
      <Filter>Header Files\Physics</Filter>
    </ClInclude>
    <ClInclude Include="..\include\GeneralSimulationData.h">
      <Filter>Header Files\Config</Filter>
    </ClInclude>
    <ClInclude Include="..\include\RigidBodyHolder.h">
      <Filter>Header Files\Simulation\RigidBodies</Filter>
    </ClInclude>
    <ClInclude Include="..\include\SpecialKey.h">
      <Filter>Header Files\Input</Filter>
    </ClInclude>
    <ClInclude Include="..\include\IThreadManager.h">
      <Filter>Header Files\Singleton</Filter>
    </ClInclude>
    <ClInclude Include="..\include\AsyncAction.h">
      <Filter>Header Files\Events</Filter>
    </ClInclude>
    <ClInclude Include="..\include\ThreadEnumeration.h">
      <Filter>Header Files\Threading</Filter>
    </ClInclude>
    <ClInclude Include="..\include\FluidData.h">
      <Filter>Header Files\Config</Filter>
    </ClInclude>
    <ClInclude Include="..\include\SimulationMode.h">
      <Filter>Header Files\Simulation</Filter>
    </ClInclude>
  </ItemGroup>
</Project>