<?xml version="1.0" encoding="utf-8"?>
<Project ToolsVersion="4.0" xmlns="http://schemas.microsoft.com/developer/msbuild/2003">
  <ItemGroup>
    <Filter Include="Source Files">
      <UniqueIdentifier>{4FC737F1-C7A5-4376-A066-2A32D752A2FF}</UniqueIdentifier>
      <Extensions>cpp;c;cc;cxx;c++;def;odl;idl;hpj;bat;asm;asmx</Extensions>
    </Filter>
    <Filter Include="Header Files">
      <UniqueIdentifier>{93995380-89BD-4b04-88EB-625FBE52EBFB}</UniqueIdentifier>
      <Extensions>h;hh;hpp;hxx;h++;hm;inl;inc;ipp;xsd</Extensions>
    </Filter>
    <Filter Include="Resource Files">
      <UniqueIdentifier>{67DA6AB6-F800-4c08-8B7A-83BB121AAD01}</UniqueIdentifier>
      <Extensions>rc;ico;cur;bmp;dlg;rc2;rct;bin;rgs;gif;jpg;jpeg;jpe;resx;tiff;tif;png;wav;mfcribbon-ms</Extensions>
    </Filter>
    <Filter Include="Header Files\Singleton">
      <UniqueIdentifier>{085616b2-875d-4356-8323-774c4dfe2c2f}</UniqueIdentifier>
    </Filter>
    <Filter Include="Header Files\General">
      <UniqueIdentifier>{ed75b67c-0355-4bad-9046-25694bb7d10a}</UniqueIdentifier>
    </Filter>
    <Filter Include="Header Files\Modules">
      <UniqueIdentifier>{8a64377b-88f1-4110-8353-0fe6815fe6ad}</UniqueIdentifier>
    </Filter>
    <Filter Include="Header Files\Modules\Config">
      <UniqueIdentifier>{d00a5300-7080-48d9-8adc-77818e645a1f}</UniqueIdentifier>
    </Filter>
    <Filter Include="Header Files\Modules\Events">
      <UniqueIdentifier>{530b1741-32b1-4a2c-9d4a-0d2826540f53}</UniqueIdentifier>
    </Filter>
    <Filter Include="Header Files\Modules\Graphics">
      <UniqueIdentifier>{c02632d5-3202-4576-b82d-b402dad65063}</UniqueIdentifier>
    </Filter>
    <Filter Include="Header Files\Modules\Input">
      <UniqueIdentifier>{5fb650ab-a0a2-436d-9718-561c220b7710}</UniqueIdentifier>
    </Filter>
    <Filter Include="Header Files\Modules\Load">
      <UniqueIdentifier>{9e6b5550-060d-4ff7-8490-143c8ed00280}</UniqueIdentifier>
    </Filter>
    <Filter Include="Header Files\Modules\Physics">
      <UniqueIdentifier>{7dcf50cd-783d-4bed-aa55-40ea3f119cd7}</UniqueIdentifier>
    </Filter>
    <Filter Include="Header Files\Modules\Simulation">
      <UniqueIdentifier>{f59f1462-4c13-491b-9f1e-a856e5df2683}</UniqueIdentifier>
    </Filter>
    <Filter Include="Header Files\Modules\Simulation\RigidBodies">
      <UniqueIdentifier>{1fc22d48-249a-463a-91bd-786a73e954c1}</UniqueIdentifier>
    </Filter>
    <Filter Include="Header Files\Modules\SpacePartitioning">
      <UniqueIdentifier>{a52c935a-7083-41cb-ad13-f23ffb65ee9b}</UniqueIdentifier>
    </Filter>
    <Filter Include="Header Files\Modules\Threading">
      <UniqueIdentifier>{c259ba52-6040-4e3a-9aeb-b63b130a7c16}</UniqueIdentifier>
    </Filter>
    <Filter Include="Header Files\Modules\Time">
      <UniqueIdentifier>{9c849229-55f2-4d20-b427-37d2361b3a7b}</UniqueIdentifier>
    </Filter>
    <Filter Include="Source Files\Modules">
      <UniqueIdentifier>{75a2046b-ef5a-4ca6-9922-eea8cccf0e6b}</UniqueIdentifier>
    </Filter>
    <Filter Include="Source Files\Modules\Simulation">
      <UniqueIdentifier>{52d2bcff-4bef-42e2-ae60-dba40a77b293}</UniqueIdentifier>
    </Filter>
    <Filter Include="Source Files\Modules\Simulation\RigidBodies">
      <UniqueIdentifier>{3de21183-a2e9-40db-a556-038d2b3cbf9b}</UniqueIdentifier>
    </Filter>
    <Filter Include="Source Files\Modules\Graphics">
      <UniqueIdentifier>{b2384f99-bcd2-4b8d-98e2-f31fdd4f7764}</UniqueIdentifier>
    </Filter>
    <Filter Include="Source Files\Modules\Config">
      <UniqueIdentifier>{9a6ef5c9-1c47-495d-9141-da83b385ba0a}</UniqueIdentifier>
    </Filter>
    <Filter Include="Header Files\Modules\Simulation\Blowers">
      <UniqueIdentifier>{cea87c3b-959a-4f83-b57b-133280ae3049}</UniqueIdentifier>
    </Filter>
    <Filter Include="Source Files\General">
      <UniqueIdentifier>{725c3bca-960f-4543-8058-412e00e6bf7c}</UniqueIdentifier>
    </Filter>
    <Filter Include="Header Files\Modules\Raycasting">
      <UniqueIdentifier>{51c7f1f9-a5cd-43e3-b0b2-a0aca8939c8d}</UniqueIdentifier>
    </Filter>
    <Filter Include="Source Files\Modules\Raycasting">
      <UniqueIdentifier>{cfd4c7e8-8cc5-4926-b342-15e56821e05e}</UniqueIdentifier>
    </Filter>
    <Filter Include="Source Files\Modules\Threading">
      <UniqueIdentifier>{049fbe60-4987-4f53-adb2-00a913fe2ca3}</UniqueIdentifier>
    </Filter>
    <Filter Include="Header Files\Modules\Serializer">
      <UniqueIdentifier>{e47ae686-652d-441f-a396-a854e28f1aea}</UniqueIdentifier>
    </Filter>
    <Filter Include="Header Files\Modules\Serializer\Record">
      <UniqueIdentifier>{469d0aab-ec58-4bca-b8f9-37a68064112e}</UniqueIdentifier>
    </Filter>
    <Filter Include="Source Files\Modules\Serializer">
      <UniqueIdentifier>{0400dab1-16ba-40d3-bf36-46f79372ec6a}</UniqueIdentifier>
    </Filter>
    <Filter Include="Header Files\Modules\Serializer\Record\Header">
      <UniqueIdentifier>{918884f1-1861-49e9-8b3b-69698381d9ce}</UniqueIdentifier>
    </Filter>
    <Filter Include="Header Files\Modules\Serializer\Record\Header\Layout">
      <UniqueIdentifier>{4fb8712d-c00f-4679-93a1-362a56a84088}</UniqueIdentifier>
    </Filter>
    <Filter Include="Header Files\Modules\Serializer\Record\Frame">
      <UniqueIdentifier>{cb0d89d2-5351-437c-a3c3-19fdc4050fa0}</UniqueIdentifier>
    </Filter>
    <Filter Include="Header Files\Modules\Serializer\Record\Frame\Elements">
      <UniqueIdentifier>{32a45401-b6f9-460d-b510-def6b425c4a5}</UniqueIdentifier>
    </Filter>
    <Filter Include="Header Files\Modules\Graphics\Shader">
      <UniqueIdentifier>{ed89b9c2-21dd-466c-bb8e-5fee8f65d6cf}</UniqueIdentifier>
    </Filter>
    <Filter Include="Header Files\Modules\Graphics\UI">
      <UniqueIdentifier>{9a9d1d81-210b-44b3-a848-206be95b6646}</UniqueIdentifier>
    </Filter>
    <Filter Include="Source Files\Modules\Graphics\UI">
      <UniqueIdentifier>{5c281390-4389-4c30-a47d-17ea593f0e41}</UniqueIdentifier>
    </Filter>
    <Filter Include="Source Files\Modules\Graphics\Shader">
      <UniqueIdentifier>{6271d126-8063-49c0-962f-e865cb543d06}</UniqueIdentifier>
    </Filter>
    <Filter Include="Header Files\Modules\Graphics\General">
      <UniqueIdentifier>{f0e231a6-47b1-46ce-bfd4-5877d8c0e606}</UniqueIdentifier>
    </Filter>
    <Filter Include="Header Files\Modules\Serializer\State">
      <UniqueIdentifier>{d3fcaf0b-ab65-47b8-a27b-c824aae0c000}</UniqueIdentifier>
    </Filter>
    <Filter Include="Source Files\Modules\Serializer\State">
      <UniqueIdentifier>{5983837c-020b-4218-a25b-1657e484949b}</UniqueIdentifier>
    </Filter>
    <Filter Include="Source Files\Modules\Serializer\Record">
      <UniqueIdentifier>{42eb7e50-6932-44b9-a153-12b136b78500}</UniqueIdentifier>
    </Filter>
    <Filter Include="Header Files\Modules\Script">
      <UniqueIdentifier>{c37f756d-fe33-4612-bd3d-56d53bea8fe6}</UniqueIdentifier>
    </Filter>
    <Filter Include="Header Files\Modules\Process">
      <UniqueIdentifier>{6da7ee59-9301-47b4-a812-77139881bc03}</UniqueIdentifier>
    </Filter>
    <Filter Include="Header Files\Modules\Network">
      <UniqueIdentifier>{c265f47a-1372-40bc-8d84-68984b0b507f}</UniqueIdentifier>
    </Filter>
    <Filter Include="Header Files\Modules\Network\Web">
      <UniqueIdentifier>{5eab4217-e52b-454a-9134-1d26ae047ad4}</UniqueIdentifier>
    </Filter>
    <Filter Include="Header Files\Modules\Config\General">
      <UniqueIdentifier>{b04a620e-016b-4e4c-828c-0d712221c069}</UniqueIdentifier>
    </Filter>
    <Filter Include="Header Files\Modules\Config\Scene">
      <UniqueIdentifier>{f76a588c-1ed7-4b84-abb1-8cb2ea741874}</UniqueIdentifier>
    </Filter>
    <Filter Include="Header Files\Modules\Config\Internal">
      <UniqueIdentifier>{d8aeb073-23ef-4ca4-804e-33e51edd074c}</UniqueIdentifier>
    </Filter>
    <Filter Include="Header Files\Modules\Threading\Flagger">
      <UniqueIdentifier>{732ab86b-02e3-43ea-8c0f-db1d56f3b876}</UniqueIdentifier>
    </Filter>
    <Filter Include="Header Files\Modules\Config\Scene\SimulationElement">
      <UniqueIdentifier>{ff1ecbe2-3e99-4eb8-bc5c-02b2899bb570}</UniqueIdentifier>
    </Filter>
    <Filter Include="Header Files\Modules\Network\Socket">
      <UniqueIdentifier>{066d06d8-4342-4320-9320-3cad54d7cf63}</UniqueIdentifier>
    </Filter>
    <Filter Include="Source Files\Modules\Network">
      <UniqueIdentifier>{af8b1382-e059-4a08-8408-dcdd544546d5}</UniqueIdentifier>
    </Filter>
  </ItemGroup>
  <ItemGroup>
    <ClCompile Include="..\include\Storm-ModelBasePCH.cpp">
      <Filter>Source Files</Filter>
    </ClCompile>
    <ClCompile Include="..\include\RigidBodyHolder.cpp">
      <Filter>Source Files\Modules\Simulation\RigidBodies</Filter>
    </ClCompile>
    <ClCompile Include="..\include\ColorChecker.cpp">
      <Filter>Source Files\General</Filter>
    </ClCompile>
    <ClCompile Include="..\include\RaycastRequestObject.cpp">
      <Filter>Source Files\Modules\Raycasting</Filter>
    </ClCompile>
    <ClCompile Include="..\include\ThreadingSafety.cpp">
      <Filter>Source Files\Modules\Threading</Filter>
    </ClCompile>
    <ClCompile Include="..\include\UIField.cpp">
      <Filter>Source Files\Modules\Graphics\UI</Filter>
    </ClCompile>
    <ClCompile Include="..\include\ShaderMacroItem.cpp">
      <Filter>Source Files\Modules\Graphics\Shader</Filter>
    </ClCompile>
    <ClCompile Include="..\include\SerializeRecordData.cpp">
      <Filter>Source Files\Modules\Serializer\Record</Filter>
    </ClCompile>
    <ClCompile Include="..\include\StateOrders.cpp">
      <Filter>Source Files\Modules\Serializer\State</Filter>
    </ClCompile>
    <ClCompile Include="..\include\SceneConfig.cpp">
      <Filter>Source Files\Modules\Config</Filter>
    </ClCompile>
    <ClCompile Include="..\include\GeneralConfig.cpp">
      <Filter>Source Files\Modules\Config</Filter>
    </ClCompile>
    <ClCompile Include="..\include\InternalConfig.cpp">
      <Filter>Source Files\Modules\Config</Filter>
    </ClCompile>
    <ClCompile Include="..\include\ThreadFlaggerObject.cpp">
      <Filter>Source Files\Modules\Threading</Filter>
    </ClCompile>
    <ClCompile Include="..\include\SocketSetting.cpp">
      <Filter>Source Files\Modules\Network</Filter>
    </ClCompile>
    <ClCompile Include="..\include\StormExiter.cpp">
      <Filter>Source Files\General</Filter>
    </ClCompile>
    <ClCompile Include="..\include\Vector3.cpp">
      <Filter>Source Files\General</Filter>
    </ClCompile>
    <ClCompile Include="..\include\VolumeIntegrator.cpp">
      <Filter>Source Files\General</Filter>
    </ClCompile>
  </ItemGroup>
  <ItemGroup>
    <ClInclude Include="..\include\Storm-ModelBasePCH.h">
      <Filter>Header Files</Filter>
    </ClInclude>
    <ClInclude Include="..\include\IConfigManager.h">
      <Filter>Header Files\Singleton</Filter>
    </ClInclude>
    <ClInclude Include="..\include\IGraphicsManager.h">
      <Filter>Header Files\Singleton</Filter>
    </ClInclude>
    <ClInclude Include="..\include\IPhysicsManager.h">
      <Filter>Header Files\Singleton</Filter>
    </ClInclude>
    <ClInclude Include="..\include\IInputManager.h">
      <Filter>Header Files\Singleton</Filter>
    </ClInclude>
    <ClInclude Include="..\include\IWindowsManager.h">
      <Filter>Header Files\Singleton</Filter>
    </ClInclude>
    <ClInclude Include="..\include\IOSManager.h">
      <Filter>Header Files\Singleton</Filter>
    </ClInclude>
    <ClInclude Include="..\include\IRandomManager.h">
      <Filter>Header Files\Singleton</Filter>
    </ClInclude>
    <ClInclude Include="..\include\ITimeManager.h">
      <Filter>Header Files\Singleton</Filter>
    </ClInclude>
    <ClInclude Include="..\include\TimeWaitResult.h">
      <Filter>Header Files\Modules\Time</Filter>
    </ClInclude>
    <ClInclude Include="..\include\ISimulatorManager.h">
      <Filter>Header Files\Singleton</Filter>
    </ClInclude>
    <ClInclude Include="..\include\WindowsCallbacks.h">
      <Filter>Header Files\Modules\Events</Filter>
    </ClInclude>
    <ClInclude Include="..\include\InputEvents.h">
      <Filter>Header Files\Modules\Input</Filter>
    </ClInclude>
    <ClInclude Include="..\include\Vector3.h">
      <Filter>Header Files\General</Filter>
    </ClInclude>
    <ClInclude Include="..\include\StormPrerequisite.h">
      <Filter>Header Files</Filter>
    </ClInclude>
    <ClInclude Include="..\include\IShaderManager.h">
      <Filter>Header Files\Singleton</Filter>
    </ClInclude>
    <ClInclude Include="..\include\IAssetLoaderManager.h">
      <Filter>Header Files\Singleton</Filter>
    </ClInclude>
    <ClInclude Include="..\include\IRigidBody.h">
      <Filter>Header Files\Modules\Simulation\RigidBodies</Filter>
    </ClInclude>
    <ClInclude Include="..\include\CollisionType.h">
      <Filter>Header Files\Modules\Physics</Filter>
    </ClInclude>
    <ClInclude Include="..\include\RigidBodyHolder.h">
      <Filter>Header Files\Modules\Simulation\RigidBodies</Filter>
    </ClInclude>
    <ClInclude Include="..\include\SpecialKey.h">
      <Filter>Header Files\Modules\Input</Filter>
    </ClInclude>
    <ClInclude Include="..\include\IThreadManager.h">
      <Filter>Header Files\Singleton</Filter>
    </ClInclude>
    <ClInclude Include="..\include\AsyncAction.h">
      <Filter>Header Files\Modules\Events</Filter>
    </ClInclude>
    <ClInclude Include="..\include\ThreadEnumeration.h">
      <Filter>Header Files\Modules\Threading</Filter>
    </ClInclude>
    <ClInclude Include="..\include\SimulationMode.h">
      <Filter>Header Files\Modules\Simulation</Filter>
    </ClInclude>
    <ClInclude Include="..\include\KernelMode.h">
      <Filter>Header Files\Modules\Simulation</Filter>
    </ClInclude>
    <ClInclude Include="..\include\FluidParticleLoadDenseMode.h">
      <Filter>Header Files\Modules\Load</Filter>
    </ClInclude>
    <ClInclude Include="..\include\Vector3Utils.h">
      <Filter>Header Files\General</Filter>
    </ClInclude>
    <ClInclude Include="..\include\ISpacePartitionerManager.h">
      <Filter>Header Files\Singleton</Filter>
    </ClInclude>
    <ClInclude Include="..\include\NeighborParticleReferral.h">
      <Filter>Header Files\Modules\SpacePartitioning</Filter>
    </ClInclude>
    <ClInclude Include="..\include\PartitionSelection.h">
      <Filter>Header Files\Modules\SpacePartitioning</Filter>
    </ClInclude>
    <ClInclude Include="..\include\SpacePartitionConstants.h">
      <Filter>Header Files\Modules\SpacePartitioning</Filter>
    </ClInclude>
    <ClInclude Include="..\include\IProfilerManager.h">
      <Filter>Header Files\Singleton</Filter>
    </ClInclude>
    <ClInclude Include="..\include\BlowerType.h">
      <Filter>Header Files\Modules\Simulation\Blowers</Filter>
    </ClInclude>
    <ClInclude Include="..\include\BlowerState.h">
      <Filter>Header Files\Modules\Simulation\Blowers</Filter>
    </ClInclude>
    <ClInclude Include="..\include\BlowerDef.h">
      <Filter>Header Files\Modules\Simulation\Blowers</Filter>
    </ClInclude>
    <ClInclude Include="..\include\ColorChecker.h">
      <Filter>Header Files\General</Filter>
    </ClInclude>
    <ClInclude Include="..\include\InsideParticleRemovalTechnique.h">
      <Filter>Header Files\Modules\Load</Filter>
    </ClInclude>
    <ClInclude Include="..\include\BoundingBox.h">
      <Filter>Header Files\General</Filter>
    </ClInclude>
    <ClInclude Include="..\include\IRaycastManager.h">
      <Filter>Header Files\Singleton</Filter>
    </ClInclude>
    <ClInclude Include="..\include\RaycastHitResult.h">
      <Filter>Header Files\Modules\Raycasting</Filter>
    </ClInclude>
    <ClInclude Include="..\include\RaycastQueryRequest.h">
      <Filter>Header Files\Modules\Raycasting</Filter>
    </ClInclude>
    <ClInclude Include="..\include\ThreadingSafety.h">
      <Filter>Header Files\Modules\Threading</Filter>
    </ClInclude>
    <ClInclude Include="..\include\ISerializerManager.h">
      <Filter>Header Files\Singleton</Filter>
    </ClInclude>
    <ClInclude Include="..\include\RecordMode.h">
      <Filter>Header Files\Modules\Serializer\Record</Filter>
    </ClInclude>
    <ClInclude Include="..\include\SerializeParticleSystemLayout.h">
      <Filter>Header Files\Modules\Serializer\Record\Header\Layout</Filter>
    </ClInclude>
    <ClInclude Include="..\include\SerializeConstraintLayout.h">
      <Filter>Header Files\Modules\Serializer\Record\Header\Layout</Filter>
    </ClInclude>
    <ClInclude Include="..\include\SerializeRecordHeader.h">
      <Filter>Header Files\Modules\Serializer\Record\Header</Filter>
    </ClInclude>
    <ClInclude Include="..\include\SerializeRecordPendingData.h">
      <Filter>Header Files\Modules\Serializer\Record\Frame</Filter>
    </ClInclude>
    <ClInclude Include="..\include\SerializeRecordParticleSystemData.h">
      <Filter>Header Files\Modules\Serializer\Record\Frame\Elements</Filter>
    </ClInclude>
    <ClInclude Include="..\include\SerializeRecordContraintsData.h">
      <Filter>Header Files\Modules\Serializer\Record\Frame\Elements</Filter>
    </ClInclude>
    <ClInclude Include="..\include\LayeringGenerationTechnique.h">
      <Filter>Header Files\Modules\Load</Filter>
    </ClInclude>
    <ClInclude Include="..\include\IDistanceSpacePartitionProxy.h">
      <Filter>Header Files\Modules\SpacePartitioning</Filter>
    </ClInclude>
    <ClInclude Include="..\include\UIField.h">
      <Filter>Header Files\Modules\Graphics\UI</Filter>
    </ClInclude>
    <ClInclude Include="..\include\UIFieldBase.h">
      <Filter>Header Files\Modules\Graphics\UI</Filter>
    </ClInclude>
    <ClInclude Include="..\include\UIFieldContainer.h">
      <Filter>Header Files\Modules\Graphics\UI</Filter>
    </ClInclude>
    <ClInclude Include="..\include\ShaderMacroItem.h">
      <Filter>Header Files\Modules\Graphics\Shader</Filter>
    </ClInclude>
    <ClInclude Include="..\include\UIModality.h">
      <Filter>Header Files\General</Filter>
    </ClInclude>
    <ClInclude Include="..\include\ThreadPriority.h">
      <Filter>Header Files\Modules\Threading</Filter>
    </ClInclude>
    <ClInclude Include="..\include\ColoredSetting.h">
      <Filter>Header Files\Modules\Graphics\General</Filter>
    </ClInclude>
    <ClInclude Include="..\include\PushedParticleSystemData.h">
      <Filter>Header Files\Modules\Graphics\General</Filter>
    </ClInclude>
    <ClInclude Include="..\include\IScriptManager.h">
      <Filter>Header Files\Singleton</Filter>
    </ClInclude>
    <ClInclude Include="..\include\StateSavingOrders.h">
      <Filter>Header Files\Modules\Serializer\State</Filter>
    </ClInclude>
    <ClInclude Include="..\include\SystemSimulationStateObject.h">
      <Filter>Header Files\Modules\Serializer\State</Filter>
    </ClInclude>
    <ClInclude Include="..\include\StateLoadingOrders.h">
      <Filter>Header Files\Modules\Serializer\State</Filter>
    </ClInclude>
    <ClInclude Include="..\include\SimulationState.h">
      <Filter>Header Files\Modules\Serializer\State</Filter>
    </ClInclude>
    <ClInclude Include="..\include\DeclareScriptableItem.h">
      <Filter>Header Files\Modules\Script</Filter>
    </ClInclude>
    <ClInclude Include="..\include\StormProcessStartup.h">
      <Filter>Header Files\Modules\Process</Filter>
    </ClInclude>
    <ClInclude Include="..\include\IWebManager.h">
      <Filter>Header Files\Singleton</Filter>
    </ClInclude>
    <ClInclude Include="..\include\PreferredBrowser.h">
      <Filter>Header Files\Modules\Network\Web</Filter>
    </ClInclude>
    <ClInclude Include="..\include\SceneBlowerConfig.h">
      <Filter>Header Files\Modules\Config\Scene</Filter>
    </ClInclude>
    <ClInclude Include="..\include\SceneConstraintConfig.h">
      <Filter>Header Files\Modules\Config\Scene</Filter>
    </ClInclude>
    <ClInclude Include="..\include\SceneFluidConfig.h">
      <Filter>Header Files\Modules\Config\Scene</Filter>
    </ClInclude>
    <ClInclude Include="..\include\SceneSimulationConfig.h">
      <Filter>Header Files\Modules\Config\Scene</Filter>
    </ClInclude>
    <ClInclude Include="..\include\GeneralWebConfig.h">
      <Filter>Header Files\Modules\Config\General</Filter>
    </ClInclude>
    <ClInclude Include="..\include\SceneGraphicConfig.h">
      <Filter>Header Files\Modules\Config\Scene</Filter>
    </ClInclude>
    <ClInclude Include="..\include\SceneRecordConfig.h">
      <Filter>Header Files\Modules\Config\Scene</Filter>
    </ClInclude>
    <ClInclude Include="..\include\SceneRigidBodyConfig.h">
      <Filter>Header Files\Modules\Config\Scene</Filter>
    </ClInclude>
    <ClInclude Include="..\include\SceneConfig.h">
      <Filter>Header Files\Modules\Config</Filter>
    </ClInclude>
    <ClInclude Include="..\include\SceneScriptConfig.h">
      <Filter>Header Files\Modules\Config\Scene</Filter>
    </ClInclude>
    <ClInclude Include="..\include\GeneralConfig.h">
      <Filter>Header Files\Modules\Config</Filter>
    </ClInclude>
    <ClInclude Include="..\include\GeneralGraphicConfig.h">
      <Filter>Header Files\Modules\Config\General</Filter>
    </ClInclude>
    <ClInclude Include="..\include\GeneralDebugConfig.h">
      <Filter>Header Files\Modules\Config\General</Filter>
    </ClInclude>
    <ClInclude Include="..\include\GeneralSimulationConfig.h">
      <Filter>Header Files\Modules\Config\General</Filter>
    </ClInclude>
    <ClInclude Include="..\include\INetworkManager.h">
      <Filter>Header Files\Singleton</Filter>
    </ClInclude>
    <ClInclude Include="..\include\GeneralApplicationConfig.h">
      <Filter>Header Files\Modules\Config\General</Filter>
    </ClInclude>
    <ClInclude Include="..\include\GeneratedGitConfig.h">
      <Filter>Header Files\Modules\Config\Internal</Filter>
    </ClInclude>
    <ClInclude Include="..\include\InternalConfig.h">
      <Filter>Header Files\Modules\Config</Filter>
    </ClInclude>
    <ClInclude Include="..\include\InternalReferenceConfig.h">
      <Filter>Header Files\Modules\Config\Internal</Filter>
    </ClInclude>
    <ClInclude Include="..\include\IBibliographyManager.h">
      <Filter>Header Files\Singleton</Filter>
    </ClInclude>
    <ClInclude Include="..\include\ThreadingFlagger.h">
      <Filter>Header Files\Modules\Threading\Flagger</Filter>
    </ClInclude>
    <ClInclude Include="..\include\ThreadFlagEnum.h">
      <Filter>Header Files\Modules\Threading\Flagger</Filter>
    </ClInclude>
    <ClInclude Include="..\include\ThreadFlaggerObject.h">
      <Filter>Header Files\Modules\Threading\Flagger</Filter>
    </ClInclude>
    <ClInclude Include="..\include\SceneFluidCustomDFSPHConfig.h">
      <Filter>Header Files\Modules\Config\Scene\SimulationElement</Filter>
    </ClInclude>
    <ClInclude Include="..\include\SceneFluidDefaultCustomConfig.h">
      <Filter>Header Files\Modules\Config\Scene\SimulationElement</Filter>
    </ClInclude>
    <ClInclude Include="..\include\ViscosityMethod.h">
      <Filter>Header Files\Modules\Simulation</Filter>
    </ClInclude>
    <ClInclude Include="..\include\IAnimationManager.h">
      <Filter>Header Files\Singleton</Filter>
    </ClInclude>
    <ClInclude Include="..\include\SocketSetting.h">
      <Filter>Header Files\Modules\Network\Socket</Filter>
    </ClInclude>
    <ClInclude Include="..\include\GeneralNetworkConfig.h">
      <Filter>Header Files\Modules\Config\General</Filter>
    </ClInclude>
    <ClInclude Include="..\include\StormExiter.h">
      <Filter>Header Files\General</Filter>
    </ClInclude>
    <ClInclude Include="..\include\VolumeComputationTechnique.h">
      <Filter>Header Files\Modules\Load</Filter>
    </ClInclude>
    <ClInclude Include="..\include\VolumeIntegrator.h">
      <Filter>Header Files\General</Filter>
    </ClInclude>
    <ClInclude Include="..\include\SceneCageConfig.h">
      <Filter>Header Files\Modules\Config\Scene</Filter>
    </ClInclude>
    <ClInclude Include="..\include\ParticleRemovalMode.h">
      <Filter>Header Files\Modules\Load</Filter>
    </ClInclude>
    <ClInclude Include="..\include\ScenePhysicsConfig.h">
      <Filter>Header Files\Modules\Config\Scene</Filter>
    </ClInclude>
    <ClInclude Include="..\include\ConstraintType.h">
      <Filter>Header Files\Modules\Physics</Filter>
    </ClInclude>
    <ClInclude Include="..\include\GeometryType.h">
      <Filter>Header Files\Modules\Load</Filter>
    </ClInclude>
    <ClInclude Include="..\include\SceneFluidCustomIISPHConfig.h">
      <Filter>Header Files\Modules\Config\Scene\SimulationElement</Filter>
    </ClInclude>
    <ClInclude Include="..\include\SceneFluidCustomPCISPHConfig.h">
      <Filter>Header Files\Modules\Config\Scene\SimulationElement</Filter>
    </ClInclude>
    <ClInclude Include="..\include\SerializeSupportedFeatureLayout.h">
      <Filter>Header Files\Modules\Serializer\Record\Header\Layout</Filter>
    </ClInclude>
    <ClInclude Include="..\include\GeneralSafetyConfig.h">
      <Filter>Header Files\Modules\Config\General</Filter>
    </ClInclude>
    <ClInclude Include="..\include\ISafetyManager.h">
      <Filter>Header Files\Singleton</Filter>
    </ClInclude>
  </ItemGroup>
</Project>