<?xml version="1.0" encoding="utf-8"?>
<Project ToolsVersion="4.0" xmlns="http://schemas.microsoft.com/developer/msbuild/2003">
  <ItemGroup>
    <Filter Include="Source Files">
      <UniqueIdentifier>{4FC737F1-C7A5-4376-A066-2A32D752A2FF}</UniqueIdentifier>
      <Extensions>cpp;c;cc;cxx;c++;def;odl;idl;hpj;bat;asm;asmx</Extensions>
    </Filter>
    <Filter Include="Header Files">
      <UniqueIdentifier>{93995380-89BD-4b04-88EB-625FBE52EBFB}</UniqueIdentifier>
      <Extensions>h;hh;hpp;hxx;h++;hm;inl;inc;ipp;xsd</Extensions>
    </Filter>
    <Filter Include="Resource Files">
      <UniqueIdentifier>{67DA6AB6-F800-4c08-8B7A-83BB121AAD01}</UniqueIdentifier>
      <Extensions>rc;ico;cur;bmp;dlg;rc2;rct;bin;rgs;gif;jpg;jpeg;jpe;resx;tiff;tif;png;wav;mfcribbon-ms</Extensions>
    </Filter>
    <Filter Include="Header Files\General">
      <UniqueIdentifier>{aac64eb7-4ae6-48c1-a1de-a5b5df4f9536}</UniqueIdentifier>
    </Filter>
    <Filter Include="Source Files\General">
      <UniqueIdentifier>{235a3396-10a8-4d4a-ab9b-d7d412fe7374}</UniqueIdentifier>
    </Filter>
    <Filter Include="Header Files\Record">
      <UniqueIdentifier>{96e968bb-1066-43c9-b92b-17798b1f4e17}</UniqueIdentifier>
    </Filter>
    <Filter Include="Header Files\Record\Data">
      <UniqueIdentifier>{dd195b9f-6cde-4d63-9174-bf6a6126acb5}</UniqueIdentifier>
    </Filter>
    <Filter Include="Header Files\Record\Serializer">
      <UniqueIdentifier>{958e9a44-61de-4756-8b4a-18c9ee3ce325}</UniqueIdentifier>
    </Filter>
    <Filter Include="Source Files\Record">
      <UniqueIdentifier>{9f715ec2-79d1-49ba-953d-fe2902d1d353}</UniqueIdentifier>
    </Filter>
    <Filter Include="Source Files\Record\Serializer">
      <UniqueIdentifier>{42c29151-1861-4490-96b6-2fdf2e3f1f1b}</UniqueIdentifier>
    </Filter>
    <Filter Include="Header Files\Record\Handler">
      <UniqueIdentifier>{6af6caec-0f51-4ac5-8adc-007e5250c453}</UniqueIdentifier>
    </Filter>
    <Filter Include="Source Files\Record\Handler">
      <UniqueIdentifier>{486ba608-59f9-4c15-b8c7-b9f5b311e0c6}</UniqueIdentifier>
    </Filter>
    <Filter Include="Header Files\State">
      <UniqueIdentifier>{869b99a6-b0e0-43fa-af76-fea2a83a42ae}</UniqueIdentifier>
    </Filter>
    <Filter Include="Source Files\State">
      <UniqueIdentifier>{b045714d-d364-4e68-bbb7-97a5b2c1c604}</UniqueIdentifier>
    </Filter>
  </ItemGroup>
  <ItemGroup>
    <ClCompile Include="..\include\Storm-SerializerPCH.cpp">
      <Filter>Source Files</Filter>
    </ClCompile>
    <ClCompile Include="..\include\SerializerManager.cpp">
      <Filter>Source Files\General</Filter>
    </ClCompile>
    <ClCompile Include="..\include\RecordPreHeaderSerializer.cpp">
      <Filter>Source Files\Record\Serializer</Filter>
    </ClCompile>
    <ClCompile Include="..\include\RecordReader.cpp">
      <Filter>Source Files\Record\Handler</Filter>
    </ClCompile>
    <ClCompile Include="..\include\RecordWriter.cpp">
      <Filter>Source Files\Record\Handler</Filter>
    </ClCompile>
    <ClCompile Include="..\include\RecordHandlerBase.cpp">
      <Filter>Source Files\Record\Handler</Filter>
    </ClCompile>
    <ClCompile Include="..\include\StateReader.cpp">
      <Filter>Source Files\State</Filter>
    </ClCompile>
    <ClCompile Include="..\include\StateWriter.cpp">
      <Filter>Source Files\State</Filter>
    </ClCompile>
  </ItemGroup>
  <ItemGroup>
    <ClInclude Include="..\include\Storm-SerializerPCH.h">
      <Filter>Header Files</Filter>
    </ClInclude>
    <ClInclude Include="..\include\SerializerManager.h">
      <Filter>Header Files\General</Filter>
    </ClInclude>
    <ClInclude Include="..\include\RecordPreHeader.h">
      <Filter>Header Files\Record\Data</Filter>
    </ClInclude>
    <ClInclude Include="..\include\RecordPreHeaderSerializer.h">
      <Filter>Header Files\Record\Serializer</Filter>
    </ClInclude>
    <ClInclude Include="..\include\RecordReader.h">
      <Filter>Header Files\Record\Handler</Filter>
    </ClInclude>
    <ClInclude Include="..\include\RecordWriter.h">
      <Filter>Header Files\Record\Handler</Filter>
    </ClInclude>
    <ClInclude Include="..\include\RecordHandlerBase.h">
      <Filter>Header Files\Record\Handler</Filter>
    </ClInclude>
    <ClInclude Include="..\include\StateWriter.h">
      <Filter>Header Files\State</Filter>
    </ClInclude>
    <ClInclude Include="..\include\StateReader.h">
      <Filter>Header Files\State</Filter>
    </ClInclude>
  </ItemGroup>
</Project>