<?xml version="1.0" encoding="utf-8"?>
<Project ToolsVersion="4.0" xmlns="http://schemas.microsoft.com/developer/msbuild/2003">
  <ItemGroup>
    <Filter Include="Source Files">
      <UniqueIdentifier>{4FC737F1-C7A5-4376-A066-2A32D752A2FF}</UniqueIdentifier>
      <Extensions>cpp;c;cc;cxx;c++;def;odl;idl;hpj;bat;asm;asmx</Extensions>
    </Filter>
    <Filter Include="Header Files">
      <UniqueIdentifier>{93995380-89BD-4b04-88EB-625FBE52EBFB}</UniqueIdentifier>
      <Extensions>h;hh;hpp;hxx;h++;hm;inl;inc;ipp;xsd</Extensions>
    </Filter>
    <Filter Include="Resource Files">
      <UniqueIdentifier>{67DA6AB6-F800-4c08-8B7A-83BB121AAD01}</UniqueIdentifier>
      <Extensions>rc;ico;cur;bmp;dlg;rc2;rct;bin;rgs;gif;jpg;jpeg;jpe;resx;tiff;tif;png;wav;mfcribbon-ms</Extensions>
    </Filter>
    <Filter Include="Header Files\PhysX">
      <UniqueIdentifier>{6e9faeef-7d45-4c06-a08e-b0244ba01343}</UniqueIdentifier>
    </Filter>
    <Filter Include="Source Files\PhysX">
      <UniqueIdentifier>{2de54443-5cbf-425e-99f2-54954d5cf560}</UniqueIdentifier>
    </Filter>
    <Filter Include="Header Files\PhysicsComponent">
      <UniqueIdentifier>{aa64726a-143c-4174-8852-936fdc08438a}</UniqueIdentifier>
    </Filter>
    <Filter Include="Source Files\PhysicsComponent">
      <UniqueIdentifier>{6a0cc625-eaf8-4efc-85a0-34ce2888f5ea}</UniqueIdentifier>
    </Filter>
    <Filter Include="Source Files\PhysicsComponent\Constraint">
      <UniqueIdentifier>{5d4c5d1b-9346-4469-9f6d-1c1bd4640371}</UniqueIdentifier>
    </Filter>
    <Filter Include="Source Files\PhysicsComponent\Constraint\Joints">
      <UniqueIdentifier>{6bcabb4c-1bc9-46d1-9cb1-722cbd3b3ff8}</UniqueIdentifier>
    </Filter>
    <Filter Include="Source Files\PhysicsComponent\RigidBodies">
      <UniqueIdentifier>{61301ebb-8cfd-45ac-96c2-2dc8270b6a3b}</UniqueIdentifier>
    </Filter>
    <Filter Include="Header Files\PhysicsComponent\Constraint">
      <UniqueIdentifier>{19aa6591-516e-475d-a6b8-736dc64c6ad8}</UniqueIdentifier>
    </Filter>
    <Filter Include="Header Files\PhysicsComponent\Constraint\Joints">
      <UniqueIdentifier>{c1452f4a-5f98-4cec-844c-6449105660ec}</UniqueIdentifier>
    </Filter>
    <Filter Include="Header Files\PhysicsComponent\RigidBodies">
      <UniqueIdentifier>{84d0cda4-8c75-4419-924e-2507e3fb8a47}</UniqueIdentifier>
    </Filter>
    <Filter Include="Header Files\PhysicsComponent\Shape">
      <UniqueIdentifier>{641713f3-9729-474e-81c5-882784cd916f}</UniqueIdentifier>
    </Filter>
    <Filter Include="Source Files\PhysicsComponent\Shape">
      <UniqueIdentifier>{25b15487-ac4d-4a85-94ab-3cd9000c4416}</UniqueIdentifier>
    </Filter>
  </ItemGroup>
  <ItemGroup>
    <ClCompile Include="..\include\Storm-PhysicsPCH.cpp">
      <Filter>Source Files</Filter>
    </ClCompile>
    <ClCompile Include="..\include\PhysXHandler.cpp">
      <Filter>Source Files\PhysX</Filter>
    </ClCompile>
    <ClCompile Include="..\include\CustomPhysXLogger.cpp">
      <Filter>Source Files\PhysX</Filter>
    </ClCompile>
    <ClCompile Include="..\include\PhysicsManager.cpp">
      <Filter>Source Files\PhysicsComponent</Filter>
    </ClCompile>
    <ClCompile Include="..\include\PhysicsConstraint.cpp">
      <Filter>Source Files\PhysicsComponent\Constraint</Filter>
    </ClCompile>
    <ClCompile Include="..\include\PhysicsDynamicRigidBody.cpp">
      <Filter>Source Files\PhysicsComponent\RigidBodies</Filter>
    </ClCompile>
    <ClCompile Include="..\include\PhysicsStaticsRigidBody.cpp">
      <Filter>Source Files\PhysicsComponent\RigidBodies</Filter>
    </ClCompile>
    <ClCompile Include="..\include\PhysicalShape.cpp">
      <Filter>Source Files\PhysicsComponent\Shape</Filter>
    </ClCompile>
  </ItemGroup>
  <ItemGroup>
    <ClInclude Include="..\include\Storm-PhysicsPCH.h">
      <Filter>Header Files</Filter>
    </ClInclude>
    <ClInclude Include="..\include\PhysXHandler.h">
      <Filter>Header Files\PhysX</Filter>
    </ClInclude>
    <ClInclude Include="..\include\CustomPhysXLogger.h">
      <Filter>Header Files\PhysX</Filter>
    </ClInclude>
    <ClInclude Include="..\include\PhysicsManager.h">
      <Filter>Header Files\PhysicsComponent</Filter>
    </ClInclude>
    <ClInclude Include="..\include\PhysXCoordHelpers.h">
      <Filter>Header Files\PhysX</Filter>
    </ClInclude>
    <ClInclude Include="..\include\PhysicsDynamicRigidBody.h">
      <Filter>Header Files\PhysicsComponent\RigidBodies</Filter>
    </ClInclude>
    <ClInclude Include="..\include\PhysicsStaticsRigidBody.h">
      <Filter>Header Files\PhysicsComponent\RigidBodies</Filter>
    </ClInclude>
    <ClInclude Include="..\include\PhysicsConstraint.h">
      <Filter>Header Files\PhysicsComponent\Constraint</Filter>
    </ClInclude>
    <ClInclude Include="..\include\PhysicalShape.h">
      <Filter>Header Files\PhysicsComponent\Shape</Filter>
    </ClInclude>
  </ItemGroup>
</Project>