<?xml version="1.0" encoding="utf-8"?>
<Project ToolsVersion="4.0" xmlns="http://schemas.microsoft.com/developer/msbuild/2003">
  <ItemGroup>
    <Filter Include="Source Files">
      <UniqueIdentifier>{4FC737F1-C7A5-4376-A066-2A32D752A2FF}</UniqueIdentifier>
      <Extensions>cpp;c;cc;cxx;c++;def;odl;idl;hpj;bat;asm;asmx</Extensions>
    </Filter>
    <Filter Include="Header Files">
      <UniqueIdentifier>{93995380-89BD-4b04-88EB-625FBE52EBFB}</UniqueIdentifier>
      <Extensions>h;hh;hpp;hxx;h++;hm;inl;inc;ipp;xsd</Extensions>
    </Filter>
    <Filter Include="Resource Files">
      <UniqueIdentifier>{67DA6AB6-F800-4c08-8B7A-83BB121AAD01}</UniqueIdentifier>
      <Extensions>rc;ico;cur;bmp;dlg;rc2;rct;bin;rgs;gif;jpg;jpeg;jpe;resx;tiff;tif;png;wav;mfcribbon-ms</Extensions>
    </Filter>
    <Filter Include="Header Files\PhysX">
      <UniqueIdentifier>{6e9faeef-7d45-4c06-a08e-b0244ba01343}</UniqueIdentifier>
    </Filter>
    <Filter Include="Source Files\PhysX">
      <UniqueIdentifier>{2de54443-5cbf-425e-99f2-54954d5cf560}</UniqueIdentifier>
    </Filter>
    <Filter Include="Header Files\PhysicsComponent">
      <UniqueIdentifier>{aa64726a-143c-4174-8852-936fdc08438a}</UniqueIdentifier>
    </Filter>
    <Filter Include="Source Files\PhysicsComponent">
      <UniqueIdentifier>{6a0cc625-eaf8-4efc-85a0-34ce2888f5ea}</UniqueIdentifier>
    </Filter>
  </ItemGroup>
  <ItemGroup>
    <ClCompile Include="..\include\Storm-PhysicsPCH.cpp">
      <Filter>Source Files</Filter>
    </ClCompile>
    <ClCompile Include="..\include\PhysXHandler.cpp">
      <Filter>Source Files\PhysX</Filter>
    </ClCompile>
    <ClCompile Include="..\include\CustomPhysXLogger.cpp">
      <Filter>Source Files\PhysX</Filter>
    </ClCompile>
    <ClCompile Include="..\include\PhysicsManager.cpp">
      <Filter>Source Files\PhysicsComponent</Filter>
    </ClCompile>
    <ClCompile Include="..\include\PhysicsDynamicRigidBody.cpp">
      <Filter>Source Files\PhysicsComponent</Filter>
    </ClCompile>
    <ClCompile Include="..\include\PhysicsStaticsRigidBody.cpp">
      <Filter>Source Files\PhysicsComponent</Filter>
    </ClCompile>
  </ItemGroup>
  <ItemGroup>
    <ClInclude Include="..\include\Storm-PhysicsPCH.h">
      <Filter>Header Files</Filter>
    </ClInclude>
    <ClInclude Include="..\include\PhysXHandler.h">
      <Filter>Header Files\PhysX</Filter>
    </ClInclude>
    <ClInclude Include="..\include\CustomPhysXLogger.h">
      <Filter>Header Files\PhysX</Filter>
    </ClInclude>
    <ClInclude Include="..\include\PhysicsManager.h">
      <Filter>Header Files\PhysicsComponent</Filter>
    </ClInclude>
    <ClInclude Include="..\include\PhysicsDynamicRigidBody.h">
      <Filter>Header Files\PhysicsComponent</Filter>
    </ClInclude>
    <ClInclude Include="..\include\PhysicsStaticsRigidBody.h">
      <Filter>Header Files\PhysicsComponent</Filter>
    </ClInclude>
  </ItemGroup>
</Project>