<?xml version="1.0" encoding="utf-8"?>
<Project ToolsVersion="4.0" xmlns="http://schemas.microsoft.com/developer/msbuild/2003">
  <ItemGroup>
    <Filter Include="Source Files">
      <UniqueIdentifier>{4FC737F1-C7A5-4376-A066-2A32D752A2FF}</UniqueIdentifier>
      <Extensions>cpp;c;cc;cxx;c++;def;odl;idl;hpj;bat;asm;asmx</Extensions>
    </Filter>
    <Filter Include="Header Files">
      <UniqueIdentifier>{93995380-89BD-4b04-88EB-625FBE52EBFB}</UniqueIdentifier>
      <Extensions>h;hh;hpp;hxx;h++;hm;inl;inc;ipp;xsd</Extensions>
    </Filter>
    <Filter Include="Resource Files">
      <UniqueIdentifier>{67DA6AB6-F800-4c08-8B7A-83BB121AAD01}</UniqueIdentifier>
      <Extensions>rc;ico;cur;bmp;dlg;rc2;rct;bin;rgs;gif;jpg;jpeg;jpe;resx;tiff;tif;png;wav;mfcribbon-ms</Extensions>
    </Filter>
    <Filter Include="Header Files\General">
      <UniqueIdentifier>{3202d408-a7ac-41ca-bdfa-225c659737d8}</UniqueIdentifier>
    </Filter>
    <Filter Include="Header Files\General\Singleton">
      <UniqueIdentifier>{22998943-c312-465d-a2b0-9fa66c298125}</UniqueIdentifier>
    </Filter>
    <Filter Include="Header Files\General\Facets">
      <UniqueIdentifier>{d4d966e9-307c-41cb-9614-bb239fba5519}</UniqueIdentifier>
    </Filter>
    <Filter Include="Header Files\MetaP">
      <UniqueIdentifier>{c80635df-c2d4-42b0-aaff-6c6a367d0df4}</UniqueIdentifier>
    </Filter>
    <Filter Include="Header Files\Macro">
      <UniqueIdentifier>{10ee50ad-1512-4c3d-bb5e-f1fc6d6ac0e6}</UniqueIdentifier>
    </Filter>
    <Filter Include="Header Files\General\Misc">
      <UniqueIdentifier>{bd129c25-d975-4322-b90c-0c3e3f5ad3e9}</UniqueIdentifier>
    </Filter>
    <Filter Include="Header Files\Application">
      <UniqueIdentifier>{53198232-f2e9-43e3-8ad9-1a3768ea9eae}</UniqueIdentifier>
    </Filter>
    <Filter Include="Source Files\General">
      <UniqueIdentifier>{92dd0ce4-e27d-41fb-8194-ed0d29b74b18}</UniqueIdentifier>
    </Filter>
    <Filter Include="Source Files\General\Singleton">
      <UniqueIdentifier>{d9e5497f-a6b0-4fb2-99ee-f3010d6dce5e}</UniqueIdentifier>
    </Filter>
    <Filter Include="Header Files\OS">
      <UniqueIdentifier>{5a9f7b6f-a680-4267-8d45-c75c501b2916}</UniqueIdentifier>
    </Filter>
    <Filter Include="Source Files\OS">
      <UniqueIdentifier>{8d2d1444-9da1-4b56-9f2f-e34eec07bcf2}</UniqueIdentifier>
    </Filter>
    <Filter Include="Source Files\Application">
      <UniqueIdentifier>{12a040c2-064f-457d-90e9-ffc806fbc19d}</UniqueIdentifier>
    </Filter>
    <Filter Include="Header Files\Serialize">
      <UniqueIdentifier>{15216f63-3213-4968-90e4-4745789e168b}</UniqueIdentifier>
    </Filter>
    <Filter Include="Source Files\Serialize">
      <UniqueIdentifier>{636aa202-f364-4774-9e43-625fd43abf2b}</UniqueIdentifier>
    </Filter>
    <Filter Include="Header Files\LoggerBase">
      <UniqueIdentifier>{90f1a5c0-edf1-4093-b61d-6cf193ef6891}</UniqueIdentifier>
    </Filter>
    <Filter Include="Source Files\LoggerBase">
      <UniqueIdentifier>{9e6235fe-d7e2-4a44-b508-5343064e4772}</UniqueIdentifier>
    </Filter>
    <Filter Include="Header Files\General\Chrono">
      <UniqueIdentifier>{a0ffd766-7dfb-4ee6-8dcd-43d81d4b697c}</UniqueIdentifier>
    </Filter>
  </ItemGroup>
  <ItemGroup>
    <ClCompile Include="..\include\Storm-HelperPCH.cpp">
      <Filter>Source Files</Filter>
    </ClCompile>
    <ClCompile Include="..\include\SingletonHolder.cpp">
      <Filter>Source Files\General\Singleton</Filter>
    </ClCompile>
    <ClCompile Include="..\include\CoInitializerRAII.cpp">
      <Filter>Source Files\OS</Filter>
    </ClCompile>
    <ClCompile Include="..\include\Version.cpp">
      <Filter>Source Files\Application</Filter>
    </ClCompile>
    <ClCompile Include="..\include\SerializePackage.cpp">
      <Filter>Source Files\Serialize</Filter>
    </ClCompile>
    <ClCompile Include="..\include\Logging.cpp">
      <Filter>Source Files\LoggerBase</Filter>
    </ClCompile>
  </ItemGroup>
  <ItemGroup>
    <ClInclude Include="..\include\Storm-HelperPCH.h">
      <Filter>Header Files</Filter>
    </ClInclude>
    <ClInclude Include="..\include\Singleton.h">
      <Filter>Header Files\General\Singleton</Filter>
    </ClInclude>
    <ClInclude Include="..\include\SingletonAllocator.h">
      <Filter>Header Files\General\Singleton</Filter>
    </ClInclude>
    <ClInclude Include="..\include\SingletonHolder.h">
      <Filter>Header Files\General\Singleton</Filter>
    </ClInclude>
    <ClInclude Include="..\include\Facets.h">
      <Filter>Header Files\General\Facets</Filter>
    </ClInclude>
    <ClInclude Include="..\include\FacetsContainer.h">
      <Filter>Header Files\General\Facets</Filter>
    </ClInclude>
    <ClInclude Include="..\include\SizeCounter.h">
      <Filter>Header Files\MetaP</Filter>
    </ClInclude>
    <ClInclude Include="..\include\StormStdPrerequisite.h">
      <Filter>Header Files</Filter>
    </ClInclude>
    <ClInclude Include="..\include\CRTPHierarchy.h">
      <Filter>Header Files\MetaP</Filter>
    </ClInclude>
    <ClInclude Include="..\include\StaticAssertionsMacros.h">
      <Filter>Header Files\Macro</Filter>
    </ClInclude>
    <ClInclude Include="..\include\ThrowException.h">
      <Filter>Header Files\General\Misc</Filter>
    </ClInclude>
    <ClInclude Include="..\include\SingletonDefaultImplementation.h">
      <Filter>Header Files\General\Singleton</Filter>
    </ClInclude>
    <ClInclude Include="..\include\SingletonHeldInterfaceBase.h">
      <Filter>Header Files\General\Singleton</Filter>
    </ClInclude>
    <ClInclude Include="..\include\ExitCode.h">
      <Filter>Header Files\Application</Filter>
    </ClInclude>
    <ClInclude Include="..\include\CoInitializerRAII.h">
      <Filter>Header Files\OS</Filter>
    </ClInclude>
    <ClInclude Include="..\include\MemoryHelper.h">
      <Filter>Header Files\General\Misc</Filter>
    </ClInclude>
    <ClInclude Include="..\include\TraitsHelper.h">
      <Filter>Header Files\MetaP</Filter>
    </ClInclude>
    <ClInclude Include="..\include\Version.h">
      <Filter>Header Files\Application</Filter>
    </ClInclude>
    <ClInclude Include="..\include\SerializePackage.h">
      <Filter>Header Files\Serialize</Filter>
    </ClInclude>
    <ClInclude Include="..\include\Logging.h">
      <Filter>Header Files\LoggerBase</Filter>
    </ClInclude>
    <ClInclude Include="..\include\LogLevel.h">
      <Filter>Header Files\LoggerBase</Filter>
    </ClInclude>
    <ClInclude Include="..\include\ILoggerManager.h">
      <Filter>Header Files\General\Singleton</Filter>
    </ClInclude>
    <ClInclude Include="..\include\VersionMacro.h">
      <Filter>Header Files\Application</Filter>
    </ClInclude>
    <ClInclude Include="..\include\InvertPeriod.h">
      <Filter>Header Files\General\Chrono</Filter>
    </ClInclude>
    <ClInclude Include="..\include\NonInstanciable.h">
      <Filter>Header Files\MetaP</Filter>
    </ClInclude>
  </ItemGroup>
</Project>